// !$*UTF8*$!
{
	archiveVersion = 1;
	classes = {
	};
	objectVersion = 56;
	objects = {

/* Begin PBXBuildFile section */
		8D18F1322B9F455E00194F34 /* VideoFilter.swift in Sources */ = {isa = PBXBuildFile; fileRef = 8D18F12C2B9F455E00194F34 /* VideoFilter.swift */; };
		8D18F1332B9F455E00194F34 /* AttachentVideoLayer.swift in Sources */ = {isa = PBXBuildFile; fileRef = 8D18F12D2B9F455E00194F34 /* AttachentVideoLayer.swift */; };
		8D18F1342B9F455E00194F34 /* VideoEditorModel.swift in Sources */ = {isa = PBXBuildFile; fileRef = 8D18F12E2B9F455E00194F34 /* VideoEditorModel.swift */; };
		8D18F1352B9F455E00194F34 /* AnimateVideoLayerCA.swift in Sources */ = {isa = PBXBuildFile; fileRef = 8D18F12F2B9F455E00194F34 /* AnimateVideoLayerCA.swift */; };
		8D18F1362B9F455E00194F34 /* PrepareEditorModel.swift in Sources */ = {isa = PBXBuildFile; fileRef = 8D18F1302B9F455E00194F34 /* PrepareEditorModel.swift */; };
		8D18F1372B9F455E00194F34 /* EditorVideoLayer.swift in Sources */ = {isa = PBXBuildFile; fileRef = 8D18F1312B9F455E00194F34 /* EditorVideoLayer.swift */; };
		8D18F13D2B9F458400194F34 /* MovieParameters.swift in Sources */ = {isa = PBXBuildFile; fileRef = 8D18F13A2B9F458400194F34 /* MovieParameters.swift */; };
		8D18F13E2B9F458400194F34 /* AssetAttachmentProtocol.swift in Sources */ = {isa = PBXBuildFile; fileRef = 8D18F13B2B9F458400194F34 /* AssetAttachmentProtocol.swift */; };
		8D18F13F2B9F458400194F34 /* test_MovieGeneralParameterList.swift in Sources */ = {isa = PBXBuildFile; fileRef = 8D18F13C2B9F458400194F34 /* test_MovieGeneralParameterList.swift */; };
		8D18F14E2B9F45EE00194F34 /* PlayerViewController.swift in Sources */ = {isa = PBXBuildFile; fileRef = 8D18F1422B9F45EE00194F34 /* PlayerViewController.swift */; };
		8D18F14F2B9F45EE00194F34 /* EditorVCViewMode.swift in Sources */ = {isa = PBXBuildFile; fileRef = 8D18F1442B9F45EE00194F34 /* EditorVCViewMode.swift */; };
		8D18F1502B9F45EE00194F34 /* EditorViewController.swift in Sources */ = {isa = PBXBuildFile; fileRef = 8D18F1452B9F45EE00194F34 /* EditorViewController.swift */; };
		8D18F1512B9F45EE00194F34 /* ViewModelAssetParametersViewController.swift in Sources */ = {isa = PBXBuildFile; fileRef = 8D18F1472B9F45EE00194F34 /* ViewModelAssetParametersViewController.swift */; };
		8D18F1522B9F45EE00194F34 /* AssetPreviewCell.swift in Sources */ = {isa = PBXBuildFile; fileRef = 8D18F1492B9F45EE00194F34 /* AssetPreviewCell.swift */; };
		8D18F1532B9F45EE00194F34 /* AssetHeaderCell.swift in Sources */ = {isa = PBXBuildFile; fileRef = 8D18F14A2B9F45EE00194F34 /* AssetHeaderCell.swift */; };
		8D18F1542B9F45EE00194F34 /* loadUI_EditorParametersViewController.swift in Sources */ = {isa = PBXBuildFile; fileRef = 8D18F14B2B9F45EE00194F34 /* loadUI_EditorParametersViewController.swift */; };
		8D18F1552B9F45EE00194F34 /* EditorParametersViewController.swift in Sources */ = {isa = PBXBuildFile; fileRef = 8D18F14C2B9F45EE00194F34 /* EditorParametersViewController.swift */; };
		8D18F1562B9F45EE00194F34 /* UICollectionViewDelegate_EditorParametersViewController.swift in Sources */ = {isa = PBXBuildFile; fileRef = 8D18F14D2B9F45EE00194F34 /* UICollectionViewDelegate_EditorParametersViewController.swift */; };
		8D18F1602B9F460000194F34 /* EditorOverlayContainerVC.swift in Sources */ = {isa = PBXBuildFile; fileRef = 8D18F15A2B9F460000194F34 /* EditorOverlayContainerVC.swift */; };
		8D18F1612B9F460000194F34 /* EditorCollectionCell.swift in Sources */ = {isa = PBXBuildFile; fileRef = 8D18F15C2B9F460000194F34 /* EditorCollectionCell.swift */; };
		8D18F1622B9F460000194F34 /* UICollectionView_EditorOverlayContainerVC.swift in Sources */ = {isa = PBXBuildFile; fileRef = 8D18F15D2B9F460000194F34 /* UICollectionView_EditorOverlayContainerVC.swift */; };
		8D18F1632B9F460000194F34 /* EditorOverlayContainerVCViewModel.swift in Sources */ = {isa = PBXBuildFile; fileRef = 8D18F15E2B9F460000194F34 /* EditorOverlayContainerVCViewModel.swift */; };
		8D18F1642B9F460000194F34 /* EditorOverlayVC.swift in Sources */ = {isa = PBXBuildFile; fileRef = 8D18F15F2B9F460000194F34 /* EditorOverlayVC.swift */; };
		8D18F16F2B9F462A00194F34 /* Player.storyboard in Resources */ = {isa = PBXBuildFile; fileRef = 8D18F1692B9F462900194F34 /* Player.storyboard */; };
		8D18F1702B9F462A00194F34 /* Editor.storyboard in Resources */ = {isa = PBXBuildFile; fileRef = 8D18F16A2B9F462900194F34 /* Editor.storyboard */; };
		8D18F1712B9F462A00194F34 /* EditorParameters.storyboard in Resources */ = {isa = PBXBuildFile; fileRef = 8D18F16B2B9F462900194F34 /* EditorParameters.storyboard */; };
		8D18F1722B9F462A00194F34 /* EditorOverlay.storyboard in Resources */ = {isa = PBXBuildFile; fileRef = 8D18F16D2B9F462A00194F34 /* EditorOverlay.storyboard */; };
		8D18F17E2B9F465300194F34 /* Player.swift in Sources */ = {isa = PBXBuildFile; fileRef = 8D18F1742B9F465200194F34 /* Player.swift */; };
		8D18F17F2B9F465300194F34 /* SuperVC.swift in Sources */ = {isa = PBXBuildFile; fileRef = 8D18F1762B9F465300194F34 /* SuperVC.swift */; };
		8D18F1802B9F465300194F34 /* PlayerSuperVC.swift in Sources */ = {isa = PBXBuildFile; fileRef = 8D18F1772B9F465300194F34 /* PlayerSuperVC.swift */; };
		8D18F1812B9F465300194F34 /* StackAssetAttachmentView.swift in Sources */ = {isa = PBXBuildFile; fileRef = 8D18F17A2B9F465300194F34 /* StackAssetAttachmentView.swift */; };
		8D18F1822B9F465300194F34 /* AssetRawView.swift in Sources */ = {isa = PBXBuildFile; fileRef = 8D18F17B2B9F465300194F34 /* AssetRawView.swift */; };
		8D18F1832B9F465300194F34 /* BaseView.swift in Sources */ = {isa = PBXBuildFile; fileRef = 8D18F17C2B9F465300194F34 /* BaseView.swift */; };
		8D18F1842B9F465300194F34 /* BaseButton.swift in Sources */ = {isa = PBXBuildFile; fileRef = 8D18F17D2B9F465300194F34 /* BaseButton.swift */; };
		8D18F1922B9F466A00194F34 /* AVAssetExportSession.swift in Sources */ = {isa = PBXBuildFile; fileRef = 8D18F1882B9F466A00194F34 /* AVAssetExportSession.swift */; };
		8D18F1932B9F466A00194F34 /* UIColor.swift in Sources */ = {isa = PBXBuildFile; fileRef = 8D18F1892B9F466A00194F34 /* UIColor.swift */; };
		8D18F1942B9F466A00194F34 /* Extensions_UIKit.swift in Sources */ = {isa = PBXBuildFile; fileRef = 8D18F18A2B9F466A00194F34 /* Extensions_UIKit.swift */; };
		8D18F1952B9F466A00194F34 /* AVAsset.swift in Sources */ = {isa = PBXBuildFile; fileRef = 8D18F18B2B9F466A00194F34 /* AVAsset.swift */; };
		8D18F1962B9F466A00194F34 /* String.swift in Sources */ = {isa = PBXBuildFile; fileRef = 8D18F18C2B9F466A00194F34 /* String.swift */; };
		8D18F1972B9F466A00194F34 /* UIImage.swift in Sources */ = {isa = PBXBuildFile; fileRef = 8D18F18D2B9F466A00194F34 /* UIImage.swift */; };
		8D18F1982B9F466A00194F34 /* CGFloat+Double.swift in Sources */ = {isa = PBXBuildFile; fileRef = 8D18F18E2B9F466A00194F34 /* CGFloat+Double.swift */; };
		8D18F1992B9F466A00194F34 /* Assets.xcassets in Resources */ = {isa = PBXBuildFile; fileRef = 8D18F18F2B9F466A00194F34 /* Assets.xcassets */; };
		8D18F19A2B9F466A00194F34 /* Constants.swift in Sources */ = {isa = PBXBuildFile; fileRef = 8D18F1902B9F466A00194F34 /* Constants.swift */; };
		8D1BEE922BA642F300EB9246 /* audio1.m4a in Resources */ = {isa = PBXBuildFile; fileRef = 8D1BEE912BA63C9000EB9246 /* audio1.m4a */; };
		8D1BEE942BA6677800EB9246 /* Coordinator.swift in Sources */ = {isa = PBXBuildFile; fileRef = 8D1BEE932BA6677800EB9246 /* Coordinator.swift */; };
		8D1BEE962BA67FEA00EB9246 /* LoaderVC.swift in Sources */ = {isa = PBXBuildFile; fileRef = 8D1BEE952BA67FEA00EB9246 /* LoaderVC.swift */; };
		8D1BEE982BA68CAB00EB9246 /* MessageContent.swift in Sources */ = {isa = PBXBuildFile; fileRef = 8D1BEE972BA68CAB00EB9246 /* MessageContent.swift */; };
		8D1BEE9A2BA68DEC00EB9246 /* Response.swift in Sources */ = {isa = PBXBuildFile; fileRef = 8D1BEE992BA68DEC00EB9246 /* Response.swift */; };
		8D1BEE9C2BA68FA900EB9246 /* NSError.swift in Sources */ = {isa = PBXBuildFile; fileRef = 8D1BEE9B2BA68FA900EB9246 /* NSError.swift */; };
		8D26ADC92BA39317009CEEB4 /* SelectionTable.storyboard in Resources */ = {isa = PBXBuildFile; fileRef = 8D26ADC82BA39317009CEEB4 /* SelectionTable.storyboard */; };
		8D26ADCB2BA3933C009CEEB4 /* SelectionTableViewController.swift in Sources */ = {isa = PBXBuildFile; fileRef = 8D26ADCA2BA3933C009CEEB4 /* SelectionTableViewController.swift */; };
		8D3A4AE42BA1EF4200375CC8 /* PlayerEditingAttachmentView.swift in Sources */ = {isa = PBXBuildFile; fileRef = 8D3A4AE32BA1EF4200375CC8 /* PlayerEditingAttachmentView.swift */; };
		8D422D842BA3F33800E50E87 /* BaseTextField.swift in Sources */ = {isa = PBXBuildFile; fileRef = 8D422D832BA3F33800E50E87 /* BaseTextField.swift */; };
		8D422D862BA3FD5700E50E87 /* FilterType.swift in Sources */ = {isa = PBXBuildFile; fileRef = 8D422D852BA3FD5700E50E87 /* FilterType.swift */; };
		8D4C17192B3B2DF400953143 /* AppDelegate.swift in Sources */ = {isa = PBXBuildFile; fileRef = 8D4C17182B3B2DF400953143 /* AppDelegate.swift */; };
		8D4C171B2B3B2DF400953143 /* SceneDelegate.swift in Sources */ = {isa = PBXBuildFile; fileRef = 8D4C171A2B3B2DF400953143 /* SceneDelegate.swift */; };
		8D4C17322B3C11C000953143 /* AlertViewLibrary in Frameworks */ = {isa = PBXBuildFile; productRef = 8D4C17312B3C11C000953143 /* AlertViewLibrary */; };
		8D6CE22A2BA1230800D33A3D /* 1.mov in Resources */ = {isa = PBXBuildFile; fileRef = 8D6CE2292BA1230800D33A3D /* 1.mov */; };
		8D75C0FE2BA92B2C00DD9B89 /* SliderTableCell.swift in Sources */ = {isa = PBXBuildFile; fileRef = 8D75C0FD2BA92B2C00DD9B89 /* SliderTableCell.swift */; };
		8D75C1002BA92B3700DD9B89 /* SwitchTableCell.swift in Sources */ = {isa = PBXBuildFile; fileRef = 8D75C0FF2BA92B3700DD9B89 /* SwitchTableCell.swift */; };
		8D75C1022BA92F6B00DD9B89 /* UITableView_EditorOverlayContainerVC.swift in Sources */ = {isa = PBXBuildFile; fileRef = 8D75C1012BA92F6B00DD9B89 /* UITableView_EditorOverlayContainerVC.swift */; };
		8D75E3902BA1041E00ED75C0 /* CIFilter.swift in Sources */ = {isa = PBXBuildFile; fileRef = 8D75E38F2BA1041E00ED75C0 /* CIFilter.swift */; };
		8D75E3922BA11E8C00ED75C0 /* CGPoint.swift in Sources */ = {isa = PBXBuildFile; fileRef = 8D75E3912BA11E8C00ED75C0 /* CGPoint.swift */; };
		8DA694A72BA6D4CD0086AAEC /* loadUI_EditorOverlayVC.swift in Sources */ = {isa = PBXBuildFile; fileRef = 8DA694A62BA6D4CD0086AAEC /* loadUI_EditorOverlayVC.swift */; };
		8DA694A92BA6E9540086AAEC /* NSTextAlignment.swift in Sources */ = {isa = PBXBuildFile; fileRef = 8DA694A82BA6E9540086AAEC /* NSTextAlignment.swift */; };
		8DBC3F652BA780C30045CB98 /* AudioToolboxService.swift in Sources */ = {isa = PBXBuildFile; fileRef = 8DBC3F642BA780C30045CB98 /* AudioToolboxService.swift */; };
		8DBC3F682BA7813F0045CB98 /* RequestAuthorization.swift in Sources */ = {isa = PBXBuildFile; fileRef = 8DBC3F672BA7813F0045CB98 /* RequestAuthorization.swift */; };
		8DBC3F6A2BA78E320045CB98 /* DB_AssetTime.swift in Sources */ = {isa = PBXBuildFile; fileRef = 8DBC3F692BA78E320045CB98 /* DB_AssetTime.swift */; };
		8DBC3F6C2BA78E530045CB98 /* DB_Shadows.swift in Sources */ = {isa = PBXBuildFile; fileRef = 8DBC3F6B2BA78E530045CB98 /* DB_Shadows.swift */; };
		8DBC3F6E2BA78EA60045CB98 /* MovieParametersDB.swift in Sources */ = {isa = PBXBuildFile; fileRef = 8DBC3F6D2BA78EA60045CB98 /* MovieParametersDB.swift */; };
		8DBC3F702BA78FB70045CB98 /* FileManager.swift in Sources */ = {isa = PBXBuildFile; fileRef = 8DBC3F6F2BA78FB70045CB98 /* FileManager.swift */; };
		8DBC3F732BA7935D0045CB98 /* SongAttachmentDB.swift in Sources */ = {isa = PBXBuildFile; fileRef = 8DBC3F722BA7935D0045CB98 /* SongAttachmentDB.swift */; };
		8DBC3F752BA7938D0045CB98 /* ImageAttachmentDB.swift in Sources */ = {isa = PBXBuildFile; fileRef = 8DBC3F742BA7938D0045CB98 /* ImageAttachmentDB.swift */; };
		8DBC3F772BA79A180045CB98 /* InstuctionAttachmentType.swift in Sources */ = {isa = PBXBuildFile; fileRef = 8DBC3F762BA79A180045CB98 /* InstuctionAttachmentType.swift */; };
		8DBC3F7A2BA7A6610045CB98 /* DB_AnimationMovieAttachment.swift in Sources */ = {isa = PBXBuildFile; fileRef = 8DBC3F792BA7A6610045CB98 /* DB_AnimationMovieAttachment.swift */; };
		8DDFD1012BAA1A8A000D6A8A /* UITableViewCell.swift in Sources */ = {isa = PBXBuildFile; fileRef = 8DDFD1002BAA1A8A000D6A8A /* UITableViewCell.swift */; };
		8DEA29392B8ED9D000FDF952 /* TextAttachmentDB.swift in Sources */ = {isa = PBXBuildFile; fileRef = 8DEA29382B8ED9D000FDF952 /* TextAttachmentDB.swift */; };
		8DEF7B542B414E78007B8737 /* DB.swift in Sources */ = {isa = PBXBuildFile; fileRef = 8DEF7B532B414E78007B8737 /* DB.swift */; };
		8DEF7B572B41509A007B8737 /* MovieDB.swift in Sources */ = {isa = PBXBuildFile; fileRef = 8DEF7B562B41509A007B8737 /* MovieDB.swift */; };
		8DEF7B592B4150BB007B8737 /* DataBase.swift in Sources */ = {isa = PBXBuildFile; fileRef = 8DEF7B582B4150BB007B8737 /* DataBase.swift */; };
		8DF171BD2B9F48A700F71D03 /* LaunchScreen.storyboard in Resources */ = {isa = PBXBuildFile; fileRef = 8DF171BC2B9F48A700F71D03 /* LaunchScreen.storyboard */; };
		8DF1A8962BA219E4004ACFFC /* CGFont.swift in Sources */ = {isa = PBXBuildFile; fileRef = 8DF1A8952BA219E4004ACFFC /* CGFont.swift */; };
		8DF1A8982BA25ABD004ACFFC /* CALayer.swift in Sources */ = {isa = PBXBuildFile; fileRef = 8DF1A8972BA25ABD004ACFFC /* CALayer.swift */; };
/* End PBXBuildFile section */

/* Begin PBXFileReference section */
		8D18F12C2B9F455E00194F34 /* VideoFilter.swift */ = {isa = PBXFileReference; fileEncoding = 4; lastKnownFileType = sourcecode.swift; path = VideoFilter.swift; sourceTree = "<group>"; };
		8D18F12D2B9F455E00194F34 /* AttachentVideoLayer.swift */ = {isa = PBXFileReference; fileEncoding = 4; lastKnownFileType = sourcecode.swift; path = AttachentVideoLayer.swift; sourceTree = "<group>"; };
		8D18F12E2B9F455E00194F34 /* VideoEditorModel.swift */ = {isa = PBXFileReference; fileEncoding = 4; lastKnownFileType = sourcecode.swift; path = VideoEditorModel.swift; sourceTree = "<group>"; };
		8D18F12F2B9F455E00194F34 /* AnimateVideoLayerCA.swift */ = {isa = PBXFileReference; fileEncoding = 4; lastKnownFileType = sourcecode.swift; path = AnimateVideoLayerCA.swift; sourceTree = "<group>"; };
		8D18F1302B9F455E00194F34 /* PrepareEditorModel.swift */ = {isa = PBXFileReference; fileEncoding = 4; lastKnownFileType = sourcecode.swift; path = PrepareEditorModel.swift; sourceTree = "<group>"; };
		8D18F1312B9F455E00194F34 /* EditorVideoLayer.swift */ = {isa = PBXFileReference; fileEncoding = 4; lastKnownFileType = sourcecode.swift; path = EditorVideoLayer.swift; sourceTree = "<group>"; };
		8D18F13A2B9F458400194F34 /* MovieParameters.swift */ = {isa = PBXFileReference; fileEncoding = 4; lastKnownFileType = sourcecode.swift; path = MovieParameters.swift; sourceTree = "<group>"; };
		8D18F13B2B9F458400194F34 /* AssetAttachmentProtocol.swift */ = {isa = PBXFileReference; fileEncoding = 4; lastKnownFileType = sourcecode.swift; path = AssetAttachmentProtocol.swift; sourceTree = "<group>"; };
		8D18F13C2B9F458400194F34 /* test_MovieGeneralParameterList.swift */ = {isa = PBXFileReference; fileEncoding = 4; lastKnownFileType = sourcecode.swift; path = test_MovieGeneralParameterList.swift; sourceTree = "<group>"; };
		8D18F1422B9F45EE00194F34 /* PlayerViewController.swift */ = {isa = PBXFileReference; fileEncoding = 4; lastKnownFileType = sourcecode.swift; path = PlayerViewController.swift; sourceTree = "<group>"; };
		8D18F1442B9F45EE00194F34 /* EditorVCViewMode.swift */ = {isa = PBXFileReference; fileEncoding = 4; lastKnownFileType = sourcecode.swift; path = EditorVCViewMode.swift; sourceTree = "<group>"; };
		8D18F1452B9F45EE00194F34 /* EditorViewController.swift */ = {isa = PBXFileReference; fileEncoding = 4; lastKnownFileType = sourcecode.swift; path = EditorViewController.swift; sourceTree = "<group>"; };
		8D18F1472B9F45EE00194F34 /* ViewModelAssetParametersViewController.swift */ = {isa = PBXFileReference; fileEncoding = 4; lastKnownFileType = sourcecode.swift; path = ViewModelAssetParametersViewController.swift; sourceTree = "<group>"; };
		8D18F1492B9F45EE00194F34 /* AssetPreviewCell.swift */ = {isa = PBXFileReference; fileEncoding = 4; lastKnownFileType = sourcecode.swift; path = AssetPreviewCell.swift; sourceTree = "<group>"; };
		8D18F14A2B9F45EE00194F34 /* AssetHeaderCell.swift */ = {isa = PBXFileReference; fileEncoding = 4; lastKnownFileType = sourcecode.swift; path = AssetHeaderCell.swift; sourceTree = "<group>"; };
		8D18F14B2B9F45EE00194F34 /* loadUI_EditorParametersViewController.swift */ = {isa = PBXFileReference; fileEncoding = 4; lastKnownFileType = sourcecode.swift; path = loadUI_EditorParametersViewController.swift; sourceTree = "<group>"; };
		8D18F14C2B9F45EE00194F34 /* EditorParametersViewController.swift */ = {isa = PBXFileReference; fileEncoding = 4; lastKnownFileType = sourcecode.swift; path = EditorParametersViewController.swift; sourceTree = "<group>"; };
		8D18F14D2B9F45EE00194F34 /* UICollectionViewDelegate_EditorParametersViewController.swift */ = {isa = PBXFileReference; fileEncoding = 4; lastKnownFileType = sourcecode.swift; path = UICollectionViewDelegate_EditorParametersViewController.swift; sourceTree = "<group>"; };
		8D18F15A2B9F460000194F34 /* EditorOverlayContainerVC.swift */ = {isa = PBXFileReference; fileEncoding = 4; lastKnownFileType = sourcecode.swift; path = EditorOverlayContainerVC.swift; sourceTree = "<group>"; };
		8D18F15C2B9F460000194F34 /* EditorCollectionCell.swift */ = {isa = PBXFileReference; fileEncoding = 4; lastKnownFileType = sourcecode.swift; path = EditorCollectionCell.swift; sourceTree = "<group>"; };
		8D18F15D2B9F460000194F34 /* UICollectionView_EditorOverlayContainerVC.swift */ = {isa = PBXFileReference; fileEncoding = 4; lastKnownFileType = sourcecode.swift; path = UICollectionView_EditorOverlayContainerVC.swift; sourceTree = "<group>"; };
		8D18F15E2B9F460000194F34 /* EditorOverlayContainerVCViewModel.swift */ = {isa = PBXFileReference; fileEncoding = 4; lastKnownFileType = sourcecode.swift; path = EditorOverlayContainerVCViewModel.swift; sourceTree = "<group>"; };
		8D18F15F2B9F460000194F34 /* EditorOverlayVC.swift */ = {isa = PBXFileReference; fileEncoding = 4; lastKnownFileType = sourcecode.swift; path = EditorOverlayVC.swift; sourceTree = "<group>"; };
		8D18F1692B9F462900194F34 /* Player.storyboard */ = {isa = PBXFileReference; fileEncoding = 4; lastKnownFileType = file.storyboard; path = Player.storyboard; sourceTree = "<group>"; };
		8D18F16A2B9F462900194F34 /* Editor.storyboard */ = {isa = PBXFileReference; fileEncoding = 4; lastKnownFileType = file.storyboard; path = Editor.storyboard; sourceTree = "<group>"; };
		8D18F16B2B9F462900194F34 /* EditorParameters.storyboard */ = {isa = PBXFileReference; fileEncoding = 4; lastKnownFileType = file.storyboard; path = EditorParameters.storyboard; sourceTree = "<group>"; };
		8D18F16D2B9F462A00194F34 /* EditorOverlay.storyboard */ = {isa = PBXFileReference; fileEncoding = 4; lastKnownFileType = file.storyboard; path = EditorOverlay.storyboard; sourceTree = "<group>"; };
		8D18F1742B9F465200194F34 /* Player.swift */ = {isa = PBXFileReference; fileEncoding = 4; lastKnownFileType = sourcecode.swift; path = Player.swift; sourceTree = "<group>"; };
		8D18F1762B9F465300194F34 /* SuperVC.swift */ = {isa = PBXFileReference; fileEncoding = 4; lastKnownFileType = sourcecode.swift; path = SuperVC.swift; sourceTree = "<group>"; };
		8D18F1772B9F465300194F34 /* PlayerSuperVC.swift */ = {isa = PBXFileReference; fileEncoding = 4; lastKnownFileType = sourcecode.swift; path = PlayerSuperVC.swift; sourceTree = "<group>"; };
		8D18F17A2B9F465300194F34 /* StackAssetAttachmentView.swift */ = {isa = PBXFileReference; fileEncoding = 4; lastKnownFileType = sourcecode.swift; path = StackAssetAttachmentView.swift; sourceTree = "<group>"; };
		8D18F17B2B9F465300194F34 /* AssetRawView.swift */ = {isa = PBXFileReference; fileEncoding = 4; lastKnownFileType = sourcecode.swift; path = AssetRawView.swift; sourceTree = "<group>"; };
		8D18F17C2B9F465300194F34 /* BaseView.swift */ = {isa = PBXFileReference; fileEncoding = 4; lastKnownFileType = sourcecode.swift; path = BaseView.swift; sourceTree = "<group>"; };
		8D18F17D2B9F465300194F34 /* BaseButton.swift */ = {isa = PBXFileReference; fileEncoding = 4; lastKnownFileType = sourcecode.swift; path = BaseButton.swift; sourceTree = "<group>"; };
		8D18F1882B9F466A00194F34 /* AVAssetExportSession.swift */ = {isa = PBXFileReference; fileEncoding = 4; lastKnownFileType = sourcecode.swift; path = AVAssetExportSession.swift; sourceTree = "<group>"; };
		8D18F1892B9F466A00194F34 /* UIColor.swift */ = {isa = PBXFileReference; fileEncoding = 4; lastKnownFileType = sourcecode.swift; path = UIColor.swift; sourceTree = "<group>"; };
		8D18F18A2B9F466A00194F34 /* Extensions_UIKit.swift */ = {isa = PBXFileReference; fileEncoding = 4; lastKnownFileType = sourcecode.swift; path = Extensions_UIKit.swift; sourceTree = "<group>"; };
		8D18F18B2B9F466A00194F34 /* AVAsset.swift */ = {isa = PBXFileReference; fileEncoding = 4; lastKnownFileType = sourcecode.swift; path = AVAsset.swift; sourceTree = "<group>"; };
		8D18F18C2B9F466A00194F34 /* String.swift */ = {isa = PBXFileReference; fileEncoding = 4; lastKnownFileType = sourcecode.swift; path = String.swift; sourceTree = "<group>"; };
		8D18F18D2B9F466A00194F34 /* UIImage.swift */ = {isa = PBXFileReference; fileEncoding = 4; lastKnownFileType = sourcecode.swift; path = UIImage.swift; sourceTree = "<group>"; };
		8D18F18E2B9F466A00194F34 /* CGFloat+Double.swift */ = {isa = PBXFileReference; fileEncoding = 4; lastKnownFileType = sourcecode.swift; path = "CGFloat+Double.swift"; sourceTree = "<group>"; };
		8D18F18F2B9F466A00194F34 /* Assets.xcassets */ = {isa = PBXFileReference; lastKnownFileType = folder.assetcatalog; path = Assets.xcassets; sourceTree = "<group>"; };
		8D18F1902B9F466A00194F34 /* Constants.swift */ = {isa = PBXFileReference; fileEncoding = 4; lastKnownFileType = sourcecode.swift; path = Constants.swift; sourceTree = "<group>"; };
		8D1BEE912BA63C9000EB9246 /* audio1.m4a */ = {isa = PBXFileReference; lastKnownFileType = file; path = audio1.m4a; sourceTree = "<group>"; };
		8D1BEE932BA6677800EB9246 /* Coordinator.swift */ = {isa = PBXFileReference; lastKnownFileType = sourcecode.swift; path = Coordinator.swift; sourceTree = "<group>"; };
		8D1BEE952BA67FEA00EB9246 /* LoaderVC.swift */ = {isa = PBXFileReference; lastKnownFileType = sourcecode.swift; path = LoaderVC.swift; sourceTree = "<group>"; };
		8D1BEE972BA68CAB00EB9246 /* MessageContent.swift */ = {isa = PBXFileReference; lastKnownFileType = sourcecode.swift; path = MessageContent.swift; sourceTree = "<group>"; };
		8D1BEE992BA68DEC00EB9246 /* Response.swift */ = {isa = PBXFileReference; lastKnownFileType = sourcecode.swift; path = Response.swift; sourceTree = "<group>"; };
		8D1BEE9B2BA68FA900EB9246 /* NSError.swift */ = {isa = PBXFileReference; lastKnownFileType = sourcecode.swift; path = NSError.swift; sourceTree = "<group>"; };
		8D26ADC82BA39317009CEEB4 /* SelectionTable.storyboard */ = {isa = PBXFileReference; lastKnownFileType = file.storyboard; path = SelectionTable.storyboard; sourceTree = "<group>"; };
		8D26ADCA2BA3933C009CEEB4 /* SelectionTableViewController.swift */ = {isa = PBXFileReference; lastKnownFileType = sourcecode.swift; path = SelectionTableViewController.swift; sourceTree = "<group>"; };
		8D3A4AE32BA1EF4200375CC8 /* PlayerEditingAttachmentView.swift */ = {isa = PBXFileReference; lastKnownFileType = sourcecode.swift; path = PlayerEditingAttachmentView.swift; sourceTree = "<group>"; };
		8D422D832BA3F33800E50E87 /* BaseTextField.swift */ = {isa = PBXFileReference; lastKnownFileType = sourcecode.swift; path = BaseTextField.swift; sourceTree = "<group>"; };
		8D422D852BA3FD5700E50E87 /* FilterType.swift */ = {isa = PBXFileReference; lastKnownFileType = sourcecode.swift; path = FilterType.swift; sourceTree = "<group>"; };
		8D4C17152B3B2DF400953143 /* VideoEditorUIkit.app */ = {isa = PBXFileReference; explicitFileType = wrapper.application; includeInIndex = 0; path = VideoEditorUIkit.app; sourceTree = BUILT_PRODUCTS_DIR; };
		8D4C17182B3B2DF400953143 /* AppDelegate.swift */ = {isa = PBXFileReference; lastKnownFileType = sourcecode.swift; path = AppDelegate.swift; sourceTree = "<group>"; };
		8D4C171A2B3B2DF400953143 /* SceneDelegate.swift */ = {isa = PBXFileReference; lastKnownFileType = sourcecode.swift; path = SceneDelegate.swift; sourceTree = "<group>"; };
		8D4C17262B3B2DF600953143 /* Info.plist */ = {isa = PBXFileReference; lastKnownFileType = text.plist.xml; path = Info.plist; sourceTree = "<group>"; };
		8D6CE2292BA1230800D33A3D /* 1.mov */ = {isa = PBXFileReference; lastKnownFileType = video.quicktime; path = 1.mov; sourceTree = "<group>"; };
		8D75C0FD2BA92B2C00DD9B89 /* SliderTableCell.swift */ = {isa = PBXFileReference; lastKnownFileType = sourcecode.swift; path = SliderTableCell.swift; sourceTree = "<group>"; };
		8D75C0FF2BA92B3700DD9B89 /* SwitchTableCell.swift */ = {isa = PBXFileReference; lastKnownFileType = sourcecode.swift; path = SwitchTableCell.swift; sourceTree = "<group>"; };
		8D75C1012BA92F6B00DD9B89 /* UITableView_EditorOverlayContainerVC.swift */ = {isa = PBXFileReference; lastKnownFileType = sourcecode.swift; path = UITableView_EditorOverlayContainerVC.swift; sourceTree = "<group>"; };
		8D75E38F2BA1041E00ED75C0 /* CIFilter.swift */ = {isa = PBXFileReference; lastKnownFileType = sourcecode.swift; path = CIFilter.swift; sourceTree = "<group>"; };
		8D75E3912BA11E8C00ED75C0 /* CGPoint.swift */ = {isa = PBXFileReference; lastKnownFileType = sourcecode.swift; path = CGPoint.swift; sourceTree = "<group>"; };
		8DA694A62BA6D4CD0086AAEC /* loadUI_EditorOverlayVC.swift */ = {isa = PBXFileReference; lastKnownFileType = sourcecode.swift; path = loadUI_EditorOverlayVC.swift; sourceTree = "<group>"; };
		8DA694A82BA6E9540086AAEC /* NSTextAlignment.swift */ = {isa = PBXFileReference; lastKnownFileType = sourcecode.swift; path = NSTextAlignment.swift; sourceTree = "<group>"; };
		8DBC3F642BA780C30045CB98 /* AudioToolboxService.swift */ = {isa = PBXFileReference; lastKnownFileType = sourcecode.swift; path = AudioToolboxService.swift; sourceTree = "<group>"; };
		8DBC3F672BA7813F0045CB98 /* RequestAuthorization.swift */ = {isa = PBXFileReference; lastKnownFileType = sourcecode.swift; path = RequestAuthorization.swift; sourceTree = "<group>"; };
		8DBC3F692BA78E320045CB98 /* DB_AssetTime.swift */ = {isa = PBXFileReference; lastKnownFileType = sourcecode.swift; path = DB_AssetTime.swift; sourceTree = "<group>"; };
		8DBC3F6B2BA78E530045CB98 /* DB_Shadows.swift */ = {isa = PBXFileReference; lastKnownFileType = sourcecode.swift; path = DB_Shadows.swift; sourceTree = "<group>"; };
		8DBC3F6D2BA78EA60045CB98 /* MovieParametersDB.swift */ = {isa = PBXFileReference; lastKnownFileType = sourcecode.swift; path = MovieParametersDB.swift; sourceTree = "<group>"; };
		8DBC3F6F2BA78FB70045CB98 /* FileManager.swift */ = {isa = PBXFileReference; lastKnownFileType = sourcecode.swift; path = FileManager.swift; sourceTree = "<group>"; };
		8DBC3F722BA7935D0045CB98 /* SongAttachmentDB.swift */ = {isa = PBXFileReference; lastKnownFileType = sourcecode.swift; path = SongAttachmentDB.swift; sourceTree = "<group>"; };
		8DBC3F742BA7938D0045CB98 /* ImageAttachmentDB.swift */ = {isa = PBXFileReference; lastKnownFileType = sourcecode.swift; path = ImageAttachmentDB.swift; sourceTree = "<group>"; };
		8DBC3F762BA79A180045CB98 /* InstuctionAttachmentType.swift */ = {isa = PBXFileReference; lastKnownFileType = sourcecode.swift; path = InstuctionAttachmentType.swift; sourceTree = "<group>"; };
		8DBC3F792BA7A6610045CB98 /* DB_AnimationMovieAttachment.swift */ = {isa = PBXFileReference; lastKnownFileType = sourcecode.swift; path = DB_AnimationMovieAttachment.swift; sourceTree = "<group>"; };
		8DDFD1002BAA1A8A000D6A8A /* UITableViewCell.swift */ = {isa = PBXFileReference; lastKnownFileType = sourcecode.swift; path = UITableViewCell.swift; sourceTree = "<group>"; };
		8DEA29382B8ED9D000FDF952 /* TextAttachmentDB.swift */ = {isa = PBXFileReference; lastKnownFileType = sourcecode.swift; path = TextAttachmentDB.swift; sourceTree = "<group>"; };
		8DEF7B532B414E78007B8737 /* DB.swift */ = {isa = PBXFileReference; lastKnownFileType = sourcecode.swift; path = DB.swift; sourceTree = "<group>"; };
		8DEF7B562B41509A007B8737 /* MovieDB.swift */ = {isa = PBXFileReference; lastKnownFileType = sourcecode.swift; path = MovieDB.swift; sourceTree = "<group>"; };
		8DEF7B582B4150BB007B8737 /* DataBase.swift */ = {isa = PBXFileReference; lastKnownFileType = sourcecode.swift; path = DataBase.swift; sourceTree = "<group>"; };
		8DF171BC2B9F48A700F71D03 /* LaunchScreen.storyboard */ = {isa = PBXFileReference; fileEncoding = 4; lastKnownFileType = file.storyboard; path = LaunchScreen.storyboard; sourceTree = "<group>"; };
		8DF1A8952BA219E4004ACFFC /* CGFont.swift */ = {isa = PBXFileReference; lastKnownFileType = sourcecode.swift; path = CGFont.swift; sourceTree = "<group>"; };
		8DF1A8972BA25ABD004ACFFC /* CALayer.swift */ = {isa = PBXFileReference; lastKnownFileType = sourcecode.swift; path = CALayer.swift; sourceTree = "<group>"; };
/* End PBXFileReference section */

/* Begin PBXFrameworksBuildPhase section */
		8D4C17122B3B2DF400953143 /* Frameworks */ = {
			isa = PBXFrameworksBuildPhase;
			buildActionMask = 2147483647;
			files = (
				8D4C17322B3C11C000953143 /* AlertViewLibrary in Frameworks */,
			);
			runOnlyForDeploymentPostprocessing = 0;
		};
/* End PBXFrameworksBuildPhase section */

/* Begin PBXGroup section */
		8D18F12B2B9F455E00194F34 /* VideoEditorModel */ = {
			isa = PBXGroup;
			children = (
				8D18F12E2B9F455E00194F34 /* VideoEditorModel.swift */,
				8D18F1302B9F455E00194F34 /* PrepareEditorModel.swift */,
				8D18F12D2B9F455E00194F34 /* AttachentVideoLayer.swift */,
				8D18F1312B9F455E00194F34 /* EditorVideoLayer.swift */,
				8D18F12C2B9F455E00194F34 /* VideoFilter.swift */,
				8D18F12F2B9F455E00194F34 /* AnimateVideoLayerCA.swift */,
			);
			path = VideoEditorModel;
			sourceTree = "<group>";
		};
		8D18F1382B9F458400194F34 /* DataModel */ = {
			isa = PBXGroup;
			children = (
				8DBC3F782BA79A350045CB98 /* Type */,
				8D1BEE992BA68DEC00EB9246 /* Response.swift */,
				8D1BEE972BA68CAB00EB9246 /* MessageContent.swift */,
				8D18F1392B9F458400194F34 /* MovieGeneralParameterList */,
			);
			path = DataModel;
			sourceTree = "<group>";
		};
		8D18F1392B9F458400194F34 /* MovieGeneralParameterList */ = {
			isa = PBXGroup;
			children = (
				8D18F13A2B9F458400194F34 /* MovieParameters.swift */,
				8D18F13B2B9F458400194F34 /* AssetAttachmentProtocol.swift */,
				8D18F13C2B9F458400194F34 /* test_MovieGeneralParameterList.swift */,
				8DBC3F692BA78E320045CB98 /* DB_AssetTime.swift */,
				8DBC3F792BA7A6610045CB98 /* DB_AnimationMovieAttachment.swift */,
				8DBC3F6B2BA78E530045CB98 /* DB_Shadows.swift */,
			);
			path = MovieGeneralParameterList;
			sourceTree = "<group>";
		};
		8D18F1402B9F45EE00194F34 /* Editor */ = {
			isa = PBXGroup;
			children = (
				8D18F1432B9F45EE00194F34 /* EditorViewController */,
				8D18F1412B9F45EE00194F34 /* PlayerViewController */,
				8D18F1462B9F45EE00194F34 /* EditorParametersViewController */,
			);
			path = Editor;
			sourceTree = "<group>";
		};
		8D18F1412B9F45EE00194F34 /* PlayerViewController */ = {
			isa = PBXGroup;
			children = (
				8D18F1422B9F45EE00194F34 /* PlayerViewController.swift */,
			);
			path = PlayerViewController;
			sourceTree = "<group>";
		};
		8D18F1432B9F45EE00194F34 /* EditorViewController */ = {
			isa = PBXGroup;
			children = (
				8D18F1452B9F45EE00194F34 /* EditorViewController.swift */,
				8DF4A94C2BA4CFCE00D07C67 /* ViewModel */,
			);
			path = EditorViewController;
			sourceTree = "<group>";
		};
		8D18F1462B9F45EE00194F34 /* EditorParametersViewController */ = {
			isa = PBXGroup;
			children = (
				8D18F14C2B9F45EE00194F34 /* EditorParametersViewController.swift */,
				8D18F14B2B9F45EE00194F34 /* loadUI_EditorParametersViewController.swift */,
				8D18F14D2B9F45EE00194F34 /* UICollectionViewDelegate_EditorParametersViewController.swift */,
				8DF4A94B2BA4CFC600D07C67 /* ViewModel */,
				8D18F1482B9F45EE00194F34 /* Cells */,
			);
			path = EditorParametersViewController;
			sourceTree = "<group>";
		};
		8D18F1482B9F45EE00194F34 /* Cells */ = {
			isa = PBXGroup;
			children = (
				8D18F1492B9F45EE00194F34 /* AssetPreviewCell.swift */,
				8D18F14A2B9F45EE00194F34 /* AssetHeaderCell.swift */,
			);
			path = Cells;
			sourceTree = "<group>";
		};
		8D18F1572B9F460000194F34 /* Reusable */ = {
			isa = PBXGroup;
			children = (
				8D26ADCA2BA3933C009CEEB4 /* SelectionTableViewController.swift */,
				8D18F1582B9F460000194F34 /* EditorOverlayVC */,
			);
			path = Reusable;
			sourceTree = "<group>";
		};
		8D18F1582B9F460000194F34 /* EditorOverlayVC */ = {
			isa = PBXGroup;
			children = (
				8D18F15F2B9F460000194F34 /* EditorOverlayVC.swift */,
				8DA694A62BA6D4CD0086AAEC /* loadUI_EditorOverlayVC.swift */,
				8D18F1592B9F460000194F34 /* EditorOverlayContainerVC */,
			);
			path = EditorOverlayVC;
			sourceTree = "<group>";
		};
		8D18F1592B9F460000194F34 /* EditorOverlayContainerVC */ = {
			isa = PBXGroup;
			children = (
				8D18F15A2B9F460000194F34 /* EditorOverlayContainerVC.swift */,
				8D18F15B2B9F460000194F34 /* Cell */,
				8D18F15D2B9F460000194F34 /* UICollectionView_EditorOverlayContainerVC.swift */,
				8D75C1012BA92F6B00DD9B89 /* UITableView_EditorOverlayContainerVC.swift */,
				8DF4A94D2BA4CFDD00D07C67 /* ViewModel */,
			);
			path = EditorOverlayContainerVC;
			sourceTree = "<group>";
		};
		8D18F15B2B9F460000194F34 /* Cell */ = {
			isa = PBXGroup;
			children = (
				8D18F15C2B9F460000194F34 /* EditorCollectionCell.swift */,
				8D75C0FF2BA92B3700DD9B89 /* SwitchTableCell.swift */,
				8D75C0FD2BA92B2C00DD9B89 /* SliderTableCell.swift */,
			);
			path = Cell;
			sourceTree = "<group>";
		};
		8D18F1682B9F462900194F34 /* Editor */ = {
			isa = PBXGroup;
			children = (
				8D18F16A2B9F462900194F34 /* Editor.storyboard */,
				8D18F1692B9F462900194F34 /* Player.storyboard */,
				8D18F16B2B9F462900194F34 /* EditorParameters.storyboard */,
			);
			path = Editor;
			sourceTree = "<group>";
		};
		8D18F16C2B9F462A00194F34 /* Reusable */ = {
			isa = PBXGroup;
			children = (
				8D18F16D2B9F462A00194F34 /* EditorOverlay.storyboard */,
				8D26ADC82BA39317009CEEB4 /* SelectionTable.storyboard */,
			);
			path = Reusable;
			sourceTree = "<group>";
		};
		8D18F1732B9F465200194F34 /* AVPlayer */ = {
			isa = PBXGroup;
			children = (
				8D18F1742B9F465200194F34 /* Player.swift */,
			);
			path = AVPlayer;
			sourceTree = "<group>";
		};
		8D18F1752B9F465300194F34 /* UIViewController */ = {
			isa = PBXGroup;
			children = (
				8D18F1762B9F465300194F34 /* SuperVC.swift */,
				8D1BEE952BA67FEA00EB9246 /* LoaderVC.swift */,
				8D18F1772B9F465300194F34 /* PlayerSuperVC.swift */,
			);
			path = UIViewController;
			sourceTree = "<group>";
		};
		8D18F1782B9F465300194F34 /* UIView */ = {
			isa = PBXGroup;
			children = (
				8D18F1792B9F465300194F34 /* StackAssetAttachmentView */,
				8D18F17C2B9F465300194F34 /* BaseView.swift */,
				8D3A4AE52BA1EF5200375CC8 /* PlayerEditingAttachmentView */,
				8D18F17D2B9F465300194F34 /* BaseButton.swift */,
				8D422D832BA3F33800E50E87 /* BaseTextField.swift */,
			);
			path = UIView;
			sourceTree = "<group>";
		};
		8D18F1792B9F465300194F34 /* StackAssetAttachmentView */ = {
			isa = PBXGroup;
			children = (
				8D18F17A2B9F465300194F34 /* StackAssetAttachmentView.swift */,
				8D18F17B2B9F465300194F34 /* AssetRawView.swift */,
			);
			path = StackAssetAttachmentView;
			sourceTree = "<group>";
		};
		8D18F1872B9F466A00194F34 /* Extension */ = {
			isa = PBXGroup;
			children = (
				8D18F18A2B9F466A00194F34 /* Extensions_UIKit.swift */,
				8D18F1882B9F466A00194F34 /* AVAssetExportSession.swift */,
				8D18F1892B9F466A00194F34 /* UIColor.swift */,
				8D1BEE9B2BA68FA900EB9246 /* NSError.swift */,
				8DDFD1002BAA1A8A000D6A8A /* UITableViewCell.swift */,
				8D18F18B2B9F466A00194F34 /* AVAsset.swift */,
				8D18F18C2B9F466A00194F34 /* String.swift */,
				8DA694A82BA6E9540086AAEC /* NSTextAlignment.swift */,
				8D18F18D2B9F466A00194F34 /* UIImage.swift */,
				8D75E38F2BA1041E00ED75C0 /* CIFilter.swift */,
				8D18F18E2B9F466A00194F34 /* CGFloat+Double.swift */,
				8D75E3912BA11E8C00ED75C0 /* CGPoint.swift */,
				8DF1A8952BA219E4004ACFFC /* CGFont.swift */,
				8DF1A8972BA25ABD004ACFFC /* CALayer.swift */,
			);
			path = Extension;
			sourceTree = "<group>";
		};
		8D3A4AE52BA1EF5200375CC8 /* PlayerEditingAttachmentView */ = {
			isa = PBXGroup;
			children = (
				8D3A4AE32BA1EF4200375CC8 /* PlayerEditingAttachmentView.swift */,
			);
			path = PlayerEditingAttachmentView;
			sourceTree = "<group>";
		};
		8D4C170C2B3B2DF400953143 = {
			isa = PBXGroup;
			children = (
				8D4C17172B3B2DF400953143 /* VideoEditorUIkit */,
				8D4C17162B3B2DF400953143 /* Products */,
			);
			sourceTree = "<group>";
		};
		8D4C17162B3B2DF400953143 /* Products */ = {
			isa = PBXGroup;
			children = (
				8D4C17152B3B2DF400953143 /* VideoEditorUIkit.app */,
			);
			name = Products;
			sourceTree = "<group>";
		};
		8D4C17172B3B2DF400953143 /* VideoEditorUIkit */ = {
			isa = PBXGroup;
			children = (
				8D4C17182B3B2DF400953143 /* AppDelegate.swift */,
				8D4C171A2B3B2DF400953143 /* SceneDelegate.swift */,
				8D9F32F22B3DDFFF00697F76 /* Model */,
				8D4C17372B3C23C100953143 /* Controller */,
				8D4C17392B3C23DE00953143 /* View */,
				8D9F32FA2B3E082400697F76 /* NSObject */,
				8D4C17382B3C23D100953143 /* Mics */,
				8D4C17262B3B2DF600953143 /* Info.plist */,
			);
			path = VideoEditorUIkit;
			sourceTree = "<group>";
		};
		8D4C17372B3C23C100953143 /* Controller */ = {
			isa = PBXGroup;
			children = (
				8D18F1402B9F45EE00194F34 /* Editor */,
				8D18F1572B9F460000194F34 /* Reusable */,
			);
			path = Controller;
			sourceTree = "<group>";
		};
		8D4C17382B3C23D100953143 /* Mics */ = {
			isa = PBXGroup;
			children = (
				8D18F1872B9F466A00194F34 /* Extension */,
				8D18F1902B9F466A00194F34 /* Constants.swift */,
				8D6CE2282BA1230800D33A3D /* video */,
				8D18F18F2B9F466A00194F34 /* Assets.xcassets */,
			);
			path = Mics;
			sourceTree = "<group>";
		};
		8D4C17392B3C23DE00953143 /* View */ = {
			isa = PBXGroup;
			children = (
				8D18F1682B9F462900194F34 /* Editor */,
				8D18F16C2B9F462A00194F34 /* Reusable */,
				8DF171BC2B9F48A700F71D03 /* LaunchScreen.storyboard */,
			);
			path = View;
			sourceTree = "<group>";
		};
		8D6CE2282BA1230800D33A3D /* video */ = {
			isa = PBXGroup;
			children = (
				8D1BEE912BA63C9000EB9246 /* audio1.m4a */,
				8D6CE2292BA1230800D33A3D /* 1.mov */,
			);
			path = video;
			sourceTree = "<group>";
		};
		8D9F32F22B3DDFFF00697F76 /* Model */ = {
			isa = PBXGroup;
			children = (
				8D1BEE932BA6677800EB9246 /* Coordinator.swift */,
				8DBC3F662BA780F90045CB98 /* Service */,
				8DEF7B552B415083007B8737 /* DB */,
				8D18F1382B9F458400194F34 /* DataModel */,
				8D18F12B2B9F455E00194F34 /* VideoEditorModel */,
			);
			path = Model;
			sourceTree = "<group>";
		};
		8D9F32FA2B3E082400697F76 /* NSObject */ = {
			isa = PBXGroup;
			children = (
				8D18F1732B9F465200194F34 /* AVPlayer */,
				8D18F1782B9F465300194F34 /* UIView */,
				8D18F1752B9F465300194F34 /* UIViewController */,
			);
			path = NSObject;
			sourceTree = "<group>";
		};
		8DBC3F662BA780F90045CB98 /* Service */ = {
			isa = PBXGroup;
			children = (
				8DBC3F642BA780C30045CB98 /* AudioToolboxService.swift */,
				8DBC3F672BA7813F0045CB98 /* RequestAuthorization.swift */,
				8DBC3F6F2BA78FB70045CB98 /* FileManager.swift */,
			);
			path = Service;
			sourceTree = "<group>";
		};
		8DBC3F712BA793420045CB98 /* Attachments */ = {
			isa = PBXGroup;
			children = (
				8DEA29382B8ED9D000FDF952 /* TextAttachmentDB.swift */,
				8DBC3F722BA7935D0045CB98 /* SongAttachmentDB.swift */,
				8DBC3F742BA7938D0045CB98 /* ImageAttachmentDB.swift */,
			);
			path = Attachments;
			sourceTree = "<group>";
		};
		8DBC3F782BA79A350045CB98 /* Type */ = {
			isa = PBXGroup;
			children = (
				8D422D852BA3FD5700E50E87 /* FilterType.swift */,
				8DBC3F762BA79A180045CB98 /* InstuctionAttachmentType.swift */,
			);
			path = Type;
			sourceTree = "<group>";
		};
		8DEF7B552B415083007B8737 /* DB */ = {
			isa = PBXGroup;
			children = (
				8DEF7B532B414E78007B8737 /* DB.swift */,
				8DEF7B582B4150BB007B8737 /* DataBase.swift */,
				8DBC3F6D2BA78EA60045CB98 /* MovieParametersDB.swift */,
				8DEF7B562B41509A007B8737 /* MovieDB.swift */,
				8DBC3F712BA793420045CB98 /* Attachments */,
			);
			path = DB;
			sourceTree = "<group>";
		};
		8DF4A94B2BA4CFC600D07C67 /* ViewModel */ = {
			isa = PBXGroup;
			children = (
				8D18F1472B9F45EE00194F34 /* ViewModelAssetParametersViewController.swift */,
			);
			path = ViewModel;
			sourceTree = "<group>";
		};
		8DF4A94C2BA4CFCE00D07C67 /* ViewModel */ = {
			isa = PBXGroup;
			children = (
				8D18F1442B9F45EE00194F34 /* EditorVCViewMode.swift */,
			);
			path = ViewModel;
			sourceTree = "<group>";
		};
		8DF4A94D2BA4CFDD00D07C67 /* ViewModel */ = {
			isa = PBXGroup;
			children = (
				8D18F15E2B9F460000194F34 /* EditorOverlayContainerVCViewModel.swift */,
			);
			path = ViewModel;
			sourceTree = "<group>";
		};
/* End PBXGroup section */

/* Begin PBXNativeTarget section */
		8D4C17142B3B2DF400953143 /* VideoEditorUIkit */ = {
			isa = PBXNativeTarget;
			buildConfigurationList = 8D4C17292B3B2DF600953143 /* Build configuration list for PBXNativeTarget "VideoEditorUIkit" */;
			buildPhases = (
				8D4C17112B3B2DF400953143 /* Sources */,
				8D4C17122B3B2DF400953143 /* Frameworks */,
				8D4C17132B3B2DF400953143 /* Resources */,
			);
			buildRules = (
			);
			dependencies = (
			);
			name = VideoEditorUIkit;
			packageProductDependencies = (
				8D4C17312B3C11C000953143 /* AlertViewLibrary */,
			);
			productName = VideoEditorUIkit;
			productReference = 8D4C17152B3B2DF400953143 /* VideoEditorUIkit.app */;
			productType = "com.apple.product-type.application";
		};
/* End PBXNativeTarget section */

/* Begin PBXProject section */
		8D4C170D2B3B2DF400953143 /* Project object */ = {
			isa = PBXProject;
			attributes = {
				BuildIndependentTargetsInParallel = 1;
				LastSwiftUpdateCheck = 1510;
				LastUpgradeCheck = 1510;
				TargetAttributes = {
					8D4C17142B3B2DF400953143 = {
						CreatedOnToolsVersion = 15.1;
					};
				};
			};
			buildConfigurationList = 8D4C17102B3B2DF400953143 /* Build configuration list for PBXProject "VideoEditorUIkit" */;
			compatibilityVersion = "Xcode 14.0";
			developmentRegion = en;
			hasScannedForEncodings = 0;
			knownRegions = (
				en,
				Base,
			);
			mainGroup = 8D4C170C2B3B2DF400953143;
			packageReferences = (
				8D4C17302B3C11C000953143 /* XCRemoteSwiftPackageReference "AlertViewLibrary" */,
			);
			productRefGroup = 8D4C17162B3B2DF400953143 /* Products */;
			projectDirPath = "";
			projectRoot = "";
			targets = (
				8D4C17142B3B2DF400953143 /* VideoEditorUIkit */,
			);
		};
/* End PBXProject section */

/* Begin PBXResourcesBuildPhase section */
		8D4C17132B3B2DF400953143 /* Resources */ = {
			isa = PBXResourcesBuildPhase;
			buildActionMask = 2147483647;
			files = (
				8D1BEE922BA642F300EB9246 /* audio1.m4a in Resources */,
				8D18F1712B9F462A00194F34 /* EditorParameters.storyboard in Resources */,
				8D18F1722B9F462A00194F34 /* EditorOverlay.storyboard in Resources */,
				8D18F1992B9F466A00194F34 /* Assets.xcassets in Resources */,
				8DF171BD2B9F48A700F71D03 /* LaunchScreen.storyboard in Resources */,
				8D6CE22A2BA1230800D33A3D /* 1.mov in Resources */,
				8D18F1702B9F462A00194F34 /* Editor.storyboard in Resources */,
				8D26ADC92BA39317009CEEB4 /* SelectionTable.storyboard in Resources */,
				8D18F16F2B9F462A00194F34 /* Player.storyboard in Resources */,
			);
			runOnlyForDeploymentPostprocessing = 0;
		};
/* End PBXResourcesBuildPhase section */

/* Begin PBXSourcesBuildPhase section */
		8D4C17112B3B2DF400953143 /* Sources */ = {
			isa = PBXSourcesBuildPhase;
			buildActionMask = 2147483647;
			files = (
				8DEA29392B8ED9D000FDF952 /* TextAttachmentDB.swift in Sources */,
				8D18F17F2B9F465300194F34 /* SuperVC.swift in Sources */,
				8D3A4AE42BA1EF4200375CC8 /* PlayerEditingAttachmentView.swift in Sources */,
				8D18F1962B9F466A00194F34 /* String.swift in Sources */,
				8D26ADCB2BA3933C009CEEB4 /* SelectionTableViewController.swift in Sources */,
				8D18F1922B9F466A00194F34 /* AVAssetExportSession.swift in Sources */,
				8D18F1562B9F45EE00194F34 /* UICollectionViewDelegate_EditorParametersViewController.swift in Sources */,
				8D18F1802B9F465300194F34 /* PlayerSuperVC.swift in Sources */,
				8D18F1612B9F460000194F34 /* EditorCollectionCell.swift in Sources */,
				8D18F1632B9F460000194F34 /* EditorOverlayContainerVCViewModel.swift in Sources */,
				8DDFD1012BAA1A8A000D6A8A /* UITableViewCell.swift in Sources */,
				8D18F1512B9F45EE00194F34 /* ViewModelAssetParametersViewController.swift in Sources */,
				8D18F1502B9F45EE00194F34 /* EditorViewController.swift in Sources */,
				8DBC3F6E2BA78EA60045CB98 /* MovieParametersDB.swift in Sources */,
				8D18F1642B9F460000194F34 /* EditorOverlayVC.swift in Sources */,
				8D18F14E2B9F45EE00194F34 /* PlayerViewController.swift in Sources */,
				8DEF7B572B41509A007B8737 /* MovieDB.swift in Sources */,
				8D422D862BA3FD5700E50E87 /* FilterType.swift in Sources */,
				8D18F14F2B9F45EE00194F34 /* EditorVCViewMode.swift in Sources */,
				8D18F1622B9F460000194F34 /* UICollectionView_EditorOverlayContainerVC.swift in Sources */,
				8D18F1532B9F45EE00194F34 /* AssetHeaderCell.swift in Sources */,
				8D75E3922BA11E8C00ED75C0 /* CGPoint.swift in Sources */,
				8D18F1342B9F455E00194F34 /* VideoEditorModel.swift in Sources */,
				8D18F19A2B9F466A00194F34 /* Constants.swift in Sources */,
				8D18F1372B9F455E00194F34 /* EditorVideoLayer.swift in Sources */,
				8D4C17192B3B2DF400953143 /* AppDelegate.swift in Sources */,
				8DBC3F6C2BA78E530045CB98 /* DB_Shadows.swift in Sources */,
				8D75C1022BA92F6B00DD9B89 /* UITableView_EditorOverlayContainerVC.swift in Sources */,
				8D18F1332B9F455E00194F34 /* AttachentVideoLayer.swift in Sources */,
				8D18F1362B9F455E00194F34 /* PrepareEditorModel.swift in Sources */,
				8D18F1552B9F45EE00194F34 /* EditorParametersViewController.swift in Sources */,
				8D18F13D2B9F458400194F34 /* MovieParameters.swift in Sources */,
				8D18F1352B9F455E00194F34 /* AnimateVideoLayerCA.swift in Sources */,
				8DBC3F6A2BA78E320045CB98 /* DB_AssetTime.swift in Sources */,
				8DBC3F682BA7813F0045CB98 /* RequestAuthorization.swift in Sources */,
				8D1BEE942BA6677800EB9246 /* Coordinator.swift in Sources */,
				8D18F1842B9F465300194F34 /* BaseButton.swift in Sources */,
				8D18F13F2B9F458400194F34 /* test_MovieGeneralParameterList.swift in Sources */,
				8D1BEE9C2BA68FA900EB9246 /* NSError.swift in Sources */,
				8D422D842BA3F33800E50E87 /* BaseTextField.swift in Sources */,
				8D18F1942B9F466A00194F34 /* Extensions_UIKit.swift in Sources */,
				8DA694A92BA6E9540086AAEC /* NSTextAlignment.swift in Sources */,
				8D75E3902BA1041E00ED75C0 /* CIFilter.swift in Sources */,
				8D18F1982B9F466A00194F34 /* CGFloat+Double.swift in Sources */,
				8D18F1972B9F466A00194F34 /* UIImage.swift in Sources */,
				8DEF7B592B4150BB007B8737 /* DataBase.swift in Sources */,
				8D18F1522B9F45EE00194F34 /* AssetPreviewCell.swift in Sources */,
				8DBC3F732BA7935D0045CB98 /* SongAttachmentDB.swift in Sources */,
				8D18F1932B9F466A00194F34 /* UIColor.swift in Sources */,
				8D75C0FE2BA92B2C00DD9B89 /* SliderTableCell.swift in Sources */,
				8D75C1002BA92B3700DD9B89 /* SwitchTableCell.swift in Sources */,
				8D4C171B2B3B2DF400953143 /* SceneDelegate.swift in Sources */,
				8D18F1822B9F465300194F34 /* AssetRawView.swift in Sources */,
				8D18F1322B9F455E00194F34 /* VideoFilter.swift in Sources */,
				8DF1A8982BA25ABD004ACFFC /* CALayer.swift in Sources */,
				8D18F1812B9F465300194F34 /* StackAssetAttachmentView.swift in Sources */,
				8DBC3F772BA79A180045CB98 /* InstuctionAttachmentType.swift in Sources */,
				8DBC3F7A2BA7A6610045CB98 /* DB_AnimationMovieAttachment.swift in Sources */,
				8DF1A8962BA219E4004ACFFC /* CGFont.swift in Sources */,
				8DEF7B542B414E78007B8737 /* DB.swift in Sources */,
				8DA694A72BA6D4CD0086AAEC /* loadUI_EditorOverlayVC.swift in Sources */,
				8D18F13E2B9F458400194F34 /* AssetAttachmentProtocol.swift in Sources */,
				8D1BEE9A2BA68DEC00EB9246 /* Response.swift in Sources */,
				8D18F1542B9F45EE00194F34 /* loadUI_EditorParametersViewController.swift in Sources */,
				8D18F1832B9F465300194F34 /* BaseView.swift in Sources */,
				8D18F17E2B9F465300194F34 /* Player.swift in Sources */,
				8DBC3F752BA7938D0045CB98 /* ImageAttachmentDB.swift in Sources */,
				8D1BEE982BA68CAB00EB9246 /* MessageContent.swift in Sources */,
				8DBC3F702BA78FB70045CB98 /* FileManager.swift in Sources */,
				8DBC3F652BA780C30045CB98 /* AudioToolboxService.swift in Sources */,
				8D18F1602B9F460000194F34 /* EditorOverlayContainerVC.swift in Sources */,
				8D18F1952B9F466A00194F34 /* AVAsset.swift in Sources */,
				8D1BEE962BA67FEA00EB9246 /* LoaderVC.swift in Sources */,
			);
			runOnlyForDeploymentPostprocessing = 0;
		};
/* End PBXSourcesBuildPhase section */

/* Begin XCBuildConfiguration section */
		8D4C17272B3B2DF600953143 /* Debug */ = {
			isa = XCBuildConfiguration;
			buildSettings = {
				ALWAYS_SEARCH_USER_PATHS = NO;
				ASSETCATALOG_COMPILER_GENERATE_SWIFT_ASSET_SYMBOL_EXTENSIONS = YES;
				CLANG_ANALYZER_NONNULL = YES;
				CLANG_ANALYZER_NUMBER_OBJECT_CONVERSION = YES_AGGRESSIVE;
				CLANG_CXX_LANGUAGE_STANDARD = "gnu++20";
				CLANG_ENABLE_MODULES = YES;
				CLANG_ENABLE_OBJC_ARC = YES;
				CLANG_ENABLE_OBJC_WEAK = YES;
				CLANG_WARN_BLOCK_CAPTURE_AUTORELEASING = YES;
				CLANG_WARN_BOOL_CONVERSION = YES;
				CLANG_WARN_COMMA = YES;
				CLANG_WARN_CONSTANT_CONVERSION = YES;
				CLANG_WARN_DEPRECATED_OBJC_IMPLEMENTATIONS = YES;
				CLANG_WARN_DIRECT_OBJC_ISA_USAGE = YES_ERROR;
				CLANG_WARN_DOCUMENTATION_COMMENTS = YES;
				CLANG_WARN_EMPTY_BODY = YES;
				CLANG_WARN_ENUM_CONVERSION = YES;
				CLANG_WARN_INFINITE_RECURSION = YES;
				CLANG_WARN_INT_CONVERSION = YES;
				CLANG_WARN_NON_LITERAL_NULL_CONVERSION = YES;
				CLANG_WARN_OBJC_IMPLICIT_RETAIN_SELF = YES;
				CLANG_WARN_OBJC_LITERAL_CONVERSION = YES;
				CLANG_WARN_OBJC_ROOT_CLASS = YES_ERROR;
				CLANG_WARN_QUOTED_INCLUDE_IN_FRAMEWORK_HEADER = YES;
				CLANG_WARN_RANGE_LOOP_ANALYSIS = YES;
				CLANG_WARN_STRICT_PROTOTYPES = YES;
				CLANG_WARN_SUSPICIOUS_MOVE = YES;
				CLANG_WARN_UNGUARDED_AVAILABILITY = YES_AGGRESSIVE;
				CLANG_WARN_UNREACHABLE_CODE = YES;
				CLANG_WARN__DUPLICATE_METHOD_MATCH = YES;
				COPY_PHASE_STRIP = NO;
				DEBUG_INFORMATION_FORMAT = dwarf;
				ENABLE_STRICT_OBJC_MSGSEND = YES;
				ENABLE_TESTABILITY = YES;
				ENABLE_USER_SCRIPT_SANDBOXING = YES;
				GCC_C_LANGUAGE_STANDARD = gnu17;
				GCC_DYNAMIC_NO_PIC = NO;
				GCC_NO_COMMON_BLOCKS = YES;
				GCC_OPTIMIZATION_LEVEL = 0;
				GCC_PREPROCESSOR_DEFINITIONS = (
					"DEBUG=1",
					"$(inherited)",
				);
				GCC_WARN_64_TO_32_BIT_CONVERSION = YES;
				GCC_WARN_ABOUT_RETURN_TYPE = YES_ERROR;
				GCC_WARN_UNDECLARED_SELECTOR = YES;
				GCC_WARN_UNINITIALIZED_AUTOS = YES_AGGRESSIVE;
				GCC_WARN_UNUSED_FUNCTION = YES;
				GCC_WARN_UNUSED_VARIABLE = YES;
				IPHONEOS_DEPLOYMENT_TARGET = 17.2;
				LOCALIZATION_PREFERS_STRING_CATALOGS = YES;
				MTL_ENABLE_DEBUG_INFO = INCLUDE_SOURCE;
				MTL_FAST_MATH = YES;
				ONLY_ACTIVE_ARCH = YES;
				SDKROOT = iphoneos;
				SWIFT_ACTIVE_COMPILATION_CONDITIONS = "DEBUG $(inherited)";
				SWIFT_OPTIMIZATION_LEVEL = "-Onone";
			};
			name = Debug;
		};
		8D4C17282B3B2DF600953143 /* Release */ = {
			isa = XCBuildConfiguration;
			buildSettings = {
				ALWAYS_SEARCH_USER_PATHS = NO;
				ASSETCATALOG_COMPILER_GENERATE_SWIFT_ASSET_SYMBOL_EXTENSIONS = YES;
				CLANG_ANALYZER_NONNULL = YES;
				CLANG_ANALYZER_NUMBER_OBJECT_CONVERSION = YES_AGGRESSIVE;
				CLANG_CXX_LANGUAGE_STANDARD = "gnu++20";
				CLANG_ENABLE_MODULES = YES;
				CLANG_ENABLE_OBJC_ARC = YES;
				CLANG_ENABLE_OBJC_WEAK = YES;
				CLANG_WARN_BLOCK_CAPTURE_AUTORELEASING = YES;
				CLANG_WARN_BOOL_CONVERSION = YES;
				CLANG_WARN_COMMA = YES;
				CLANG_WARN_CONSTANT_CONVERSION = YES;
				CLANG_WARN_DEPRECATED_OBJC_IMPLEMENTATIONS = YES;
				CLANG_WARN_DIRECT_OBJC_ISA_USAGE = YES_ERROR;
				CLANG_WARN_DOCUMENTATION_COMMENTS = YES;
				CLANG_WARN_EMPTY_BODY = YES;
				CLANG_WARN_ENUM_CONVERSION = YES;
				CLANG_WARN_INFINITE_RECURSION = YES;
				CLANG_WARN_INT_CONVERSION = YES;
				CLANG_WARN_NON_LITERAL_NULL_CONVERSION = YES;
				CLANG_WARN_OBJC_IMPLICIT_RETAIN_SELF = YES;
				CLANG_WARN_OBJC_LITERAL_CONVERSION = YES;
				CLANG_WARN_OBJC_ROOT_CLASS = YES_ERROR;
				CLANG_WARN_QUOTED_INCLUDE_IN_FRAMEWORK_HEADER = YES;
				CLANG_WARN_RANGE_LOOP_ANALYSIS = YES;
				CLANG_WARN_STRICT_PROTOTYPES = YES;
				CLANG_WARN_SUSPICIOUS_MOVE = YES;
				CLANG_WARN_UNGUARDED_AVAILABILITY = YES_AGGRESSIVE;
				CLANG_WARN_UNREACHABLE_CODE = YES;
				CLANG_WARN__DUPLICATE_METHOD_MATCH = YES;
				COPY_PHASE_STRIP = NO;
				DEBUG_INFORMATION_FORMAT = "dwarf-with-dsym";
				ENABLE_NS_ASSERTIONS = NO;
				ENABLE_STRICT_OBJC_MSGSEND = YES;
				ENABLE_USER_SCRIPT_SANDBOXING = YES;
				GCC_C_LANGUAGE_STANDARD = gnu17;
				GCC_NO_COMMON_BLOCKS = YES;
				GCC_WARN_64_TO_32_BIT_CONVERSION = YES;
				GCC_WARN_ABOUT_RETURN_TYPE = YES_ERROR;
				GCC_WARN_UNDECLARED_SELECTOR = YES;
				GCC_WARN_UNINITIALIZED_AUTOS = YES_AGGRESSIVE;
				GCC_WARN_UNUSED_FUNCTION = YES;
				GCC_WARN_UNUSED_VARIABLE = YES;
				IPHONEOS_DEPLOYMENT_TARGET = 17.2;
				LOCALIZATION_PREFERS_STRING_CATALOGS = YES;
				MTL_ENABLE_DEBUG_INFO = NO;
				MTL_FAST_MATH = YES;
				SDKROOT = iphoneos;
				SWIFT_COMPILATION_MODE = wholemodule;
				VALIDATE_PRODUCT = YES;
			};
			name = Release;
		};
		8D4C172A2B3B2DF600953143 /* Debug */ = {
			isa = XCBuildConfiguration;
			buildSettings = {
				ASSETCATALOG_COMPILER_APPICON_NAME = AppIcon;
				ASSETCATALOG_COMPILER_GLOBAL_ACCENT_COLOR_NAME = AccentColor;
				CODE_SIGN_STYLE = Automatic;
				CURRENT_PROJECT_VERSION = 6;
				DEVELOPMENT_TEAM = FQA2XH9ZUM;
				GENERATE_INFOPLIST_FILE = YES;
				INFOPLIST_FILE = VideoEditorUIkit/Info.plist;
				INFOPLIST_KEY_CFBundleDisplayName = MovieFrame;
				INFOPLIST_KEY_LSApplicationCategoryType = "public.app-category.video";
				INFOPLIST_KEY_NSAppleMusicUsageDescription = "If you want to add sounds to your videos enuble access to the Media Library";
				INFOPLIST_KEY_NSPhotoLibraryAddUsageDescription = "We need access to your photo library so that you can pick the perfect birthday card.";
				INFOPLIST_KEY_NSPhotoLibraryUsageDescription = "We need access to your photo library so that you can pick the perfect birthday card.";
				INFOPLIST_KEY_UIApplicationSupportsIndirectInputEvents = YES;
				INFOPLIST_KEY_UILaunchStoryboardName = LaunchScreen;
				INFOPLIST_KEY_UIMainStoryboardFile = Editor;
				INFOPLIST_KEY_UISupportedInterfaceOrientations_iPad = "UIInterfaceOrientationPortrait UIInterfaceOrientationPortraitUpsideDown UIInterfaceOrientationLandscapeLeft UIInterfaceOrientationLandscapeRight";
				IPHONEOS_DEPLOYMENT_TARGET = 13.0;
				LD_RUNPATH_SEARCH_PATHS = (
					"$(inherited)",
					"@executable_path/Frameworks",
				);
				MARKETING_VERSION = 1.0;
				PRODUCT_BUNDLE_IDENTIFIER = com.dovhiy.MovieFrameEditor;
				PRODUCT_NAME = "$(TARGET_NAME)";
				SWIFT_EMIT_LOC_STRINGS = YES;
				SWIFT_VERSION = 5.0;
				TARGETED_DEVICE_FAMILY = "1,2";
			};
			name = Debug;
		};
		8D4C172B2B3B2DF600953143 /* Release */ = {
			isa = XCBuildConfiguration;
			buildSettings = {
				ASSETCATALOG_COMPILER_APPICON_NAME = AppIcon;
				ASSETCATALOG_COMPILER_GLOBAL_ACCENT_COLOR_NAME = AccentColor;
				CODE_SIGN_STYLE = Automatic;
				CURRENT_PROJECT_VERSION = 6;
				DEVELOPMENT_TEAM = FQA2XH9ZUM;
				GENERATE_INFOPLIST_FILE = YES;
				INFOPLIST_FILE = VideoEditorUIkit/Info.plist;
				INFOPLIST_KEY_CFBundleDisplayName = MovieFrame;
				INFOPLIST_KEY_LSApplicationCategoryType = "public.app-category.video";
				INFOPLIST_KEY_NSAppleMusicUsageDescription = "If you want to add sounds to your videos enuble access to the Media Library";
				INFOPLIST_KEY_NSPhotoLibraryAddUsageDescription = "We need access to your photo library so that you can pick the perfect birthday card.";
				INFOPLIST_KEY_NSPhotoLibraryUsageDescription = "We need access to your photo library so that you can pick the perfect birthday card.";
				INFOPLIST_KEY_UIApplicationSupportsIndirectInputEvents = YES;
				INFOPLIST_KEY_UILaunchStoryboardName = LaunchScreen;
				INFOPLIST_KEY_UIMainStoryboardFile = Editor;
				INFOPLIST_KEY_UISupportedInterfaceOrientations_iPad = "UIInterfaceOrientationPortrait UIInterfaceOrientationPortraitUpsideDown UIInterfaceOrientationLandscapeLeft UIInterfaceOrientationLandscapeRight";
				IPHONEOS_DEPLOYMENT_TARGET = 13.0;
				LD_RUNPATH_SEARCH_PATHS = (
					"$(inherited)",
					"@executable_path/Frameworks",
				);
				MARKETING_VERSION = 1.0;
				PRODUCT_BUNDLE_IDENTIFIER = com.dovhiy.MovieFrameEditor;
				PRODUCT_NAME = "$(TARGET_NAME)";
				SWIFT_EMIT_LOC_STRINGS = YES;
				SWIFT_VERSION = 5.0;
				TARGETED_DEVICE_FAMILY = "1,2";
			};
			name = Release;
		};
/* End XCBuildConfiguration section */

/* Begin XCConfigurationList section */
		8D4C17102B3B2DF400953143 /* Build configuration list for PBXProject "VideoEditorUIkit" */ = {
			isa = XCConfigurationList;
			buildConfigurations = (
				8D4C17272B3B2DF600953143 /* Debug */,
				8D4C17282B3B2DF600953143 /* Release */,
			);
			defaultConfigurationIsVisible = 0;
			defaultConfigurationName = Release;
		};
		8D4C17292B3B2DF600953143 /* Build configuration list for PBXNativeTarget "VideoEditorUIkit" */ = {
			isa = XCConfigurationList;
			buildConfigurations = (
				8D4C172A2B3B2DF600953143 /* Debug */,
				8D4C172B2B3B2DF600953143 /* Release */,
			);
			defaultConfigurationIsVisible = 0;
			defaultConfigurationName = Release;
		};
/* End XCConfigurationList section */

/* Begin XCRemoteSwiftPackageReference section */
		8D4C17302B3C11C000953143 /* XCRemoteSwiftPackageReference "AlertViewLibrary" */ = {
			isa = XCRemoteSwiftPackageReference;
			repositoryURL = "https://github.com/mishadovhiy/AlertViewLibrary.git";
			requirement = {
				branch = main;
				kind = branch;
			};
		};
/* End XCRemoteSwiftPackageReference section */

/* Begin XCSwiftPackageProductDependency section */
		8D4C17312B3C11C000953143 /* AlertViewLibrary */ = {
			isa = XCSwiftPackageProductDependency;
			package = 8D4C17302B3C11C000953143 /* XCRemoteSwiftPackageReference "AlertViewLibrary" */;
			productName = AlertViewLibrary;
		};
/* End XCSwiftPackageProductDependency section */
	};
	rootObject = 8D4C170D2B3B2DF400953143 /* Project object */;
}
