// !$*UTF8*$!
{
	archiveVersion = 1;
	classes = {
	};
	objectVersion = 56;
	objects = {

/* Begin PBXBuildFile section */
		8D23CA602B4769FD00FC94B1 /* PrepareEditorModel.swift in Sources */ = {isa = PBXBuildFile; fileRef = 8D23CA5F2B4769FD00FC94B1 /* PrepareEditorModel.swift */; };
		8D23CA622B476C4700FC94B1 /* EditorVideoLayer.swift in Sources */ = {isa = PBXBuildFile; fileRef = 8D23CA612B476C4700FC94B1 /* EditorVideoLayer.swift */; };
		8D23CA642B47716600FC94B1 /* AVAssetExportSession.swift in Sources */ = {isa = PBXBuildFile; fileRef = 8D23CA632B47716600FC94B1 /* AVAssetExportSession.swift */; };
		8D23CA672B4792BD00FC94B1 /* AttachentVideoLayer.swift in Sources */ = {isa = PBXBuildFile; fileRef = 8D23CA662B4792BD00FC94B1 /* AttachentVideoLayer.swift */; };
		8D2B57772B41A21200C2B3F5 /* UICollectionViewDelegate_AssetParametersVC.swift in Sources */ = {isa = PBXBuildFile; fileRef = 8D2B57762B41A21200C2B3F5 /* UICollectionViewDelegate_AssetParametersVC.swift */; };
		8D2B57792B41A23F00C2B3F5 /* loadUI_AssetParametersViewController.swift in Sources */ = {isa = PBXBuildFile; fileRef = 8D2B57782B41A23F00C2B3F5 /* loadUI_AssetParametersViewController.swift */; };
		8D2B577C2B41A30000C2B3F5 /* test_MovieGeneralParameterList.swift in Sources */ = {isa = PBXBuildFile; fileRef = 8D2B577B2B41A30000C2B3F5 /* test_MovieGeneralParameterList.swift */; };
		8D2B577E2B41A37000C2B3F5 /* AssetAttachmentProtocol.swift in Sources */ = {isa = PBXBuildFile; fileRef = 8D2B577D2B41A37000C2B3F5 /* AssetAttachmentProtocol.swift */; };
		8D4C17192B3B2DF400953143 /* AppDelegate.swift in Sources */ = {isa = PBXBuildFile; fileRef = 8D4C17182B3B2DF400953143 /* AppDelegate.swift */; };
		8D4C171B2B3B2DF400953143 /* SceneDelegate.swift in Sources */ = {isa = PBXBuildFile; fileRef = 8D4C171A2B3B2DF400953143 /* SceneDelegate.swift */; };
		8D4C171D2B3B2DF400953143 /* EditorViewController.swift in Sources */ = {isa = PBXBuildFile; fileRef = 8D4C171C2B3B2DF400953143 /* EditorViewController.swift */; };
		8D4C17202B3B2DF400953143 /* Main.storyboard in Resources */ = {isa = PBXBuildFile; fileRef = 8D4C171E2B3B2DF400953143 /* Main.storyboard */; };
		8D4C17222B3B2DF600953143 /* Assets.xcassets in Resources */ = {isa = PBXBuildFile; fileRef = 8D4C17212B3B2DF600953143 /* Assets.xcassets */; };
		8D4C17252B3B2DF600953143 /* LaunchScreen.storyboard in Resources */ = {isa = PBXBuildFile; fileRef = 8D4C17232B3B2DF600953143 /* LaunchScreen.storyboard */; };
		8D4C172F2B3B32CF00953143 /* 2.mov in Resources */ = {isa = PBXBuildFile; fileRef = 8D4C172D2B3B32CF00953143 /* 2.mov */; };
		8D4C17322B3C11C000953143 /* AlertViewLibrary in Frameworks */ = {isa = PBXBuildFile; productRef = 8D4C17312B3C11C000953143 /* AlertViewLibrary */; };
		8D4C17342B3C21C600953143 /* SuperVC.swift in Sources */ = {isa = PBXBuildFile; fileRef = 8D4C17332B3C21C600953143 /* SuperVC.swift */; };
		8D4C17362B3C21E100953143 /* Extensions_UIKit.swift in Sources */ = {isa = PBXBuildFile; fileRef = 8D4C17352B3C21E100953143 /* Extensions_UIKit.swift */; };
		8D4C173D2B3C255200953143 /* PlayerSuperVC.swift in Sources */ = {isa = PBXBuildFile; fileRef = 8D4C173C2B3C255200953143 /* PlayerSuperVC.swift */; };
		8D4C17402B3C96BF00953143 /* EditorModel.swift in Sources */ = {isa = PBXBuildFile; fileRef = 8D4C173F2B3C96BF00953143 /* EditorModel.swift */; };
		8D5FAE9F2B9553A700380CA4 /* AVAsset.swift in Sources */ = {isa = PBXBuildFile; fileRef = 8D5FAE9E2B9553A600380CA4 /* AVAsset.swift */; };
		8D8BF29C2B3FFFB7008AFC62 /* AssetParametersViewController.swift in Sources */ = {isa = PBXBuildFile; fileRef = 8D8BF29B2B3FFFB7008AFC62 /* AssetParametersViewController.swift */; };
		8D9F32EC2B3DACEB00697F76 /* PlayerViewController.swift in Sources */ = {isa = PBXBuildFile; fileRef = 8D9F32EB2B3DACEB00697F76 /* PlayerViewController.swift */; };
		8D9F32F92B3E081500697F76 /* Player.swift in Sources */ = {isa = PBXBuildFile; fileRef = 8D9F32F82B3E081500697F76 /* Player.swift */; };
		8DBFCB912B4F4FB20050C8E3 /* AssetParametersViewControllerViewModel.swift in Sources */ = {isa = PBXBuildFile; fileRef = 8DBFCB902B4F4FB20050C8E3 /* AssetParametersViewControllerViewModel.swift */; };
		8DE412FD2B92650600705E52 /* 1.mov in Resources */ = {isa = PBXBuildFile; fileRef = 8DE412FC2B92650600705E52 /* 1.mov */; };
		8DEA29312B8EC95B00FDF952 /* CGFloat.swift in Sources */ = {isa = PBXBuildFile; fileRef = 8DEA29302B8EC95B00FDF952 /* CGFloat.swift */; };
		8DEA29332B8ECA6100FDF952 /* String.swift in Sources */ = {isa = PBXBuildFile; fileRef = 8DEA29322B8ECA6100FDF952 /* String.swift */; };
		8DEA29352B8ECC1900FDF952 /* UIColor.swift in Sources */ = {isa = PBXBuildFile; fileRef = 8DEA29342B8ECC1900FDF952 /* UIColor.swift */; };
		8DEA29392B8ED9D000FDF952 /* TextAttachmentDB.swift in Sources */ = {isa = PBXBuildFile; fileRef = 8DEA29382B8ED9D000FDF952 /* TextAttachmentDB.swift */; };
		8DEF7B4C2B414B41007B8737 /* AssetPreviewCell.swift in Sources */ = {isa = PBXBuildFile; fileRef = 8DEF7B4B2B414B41007B8737 /* AssetPreviewCell.swift */; };
		8DEF7B4E2B414B6A007B8737 /* AssetHeaderCell.swift in Sources */ = {isa = PBXBuildFile; fileRef = 8DEF7B4D2B414B6A007B8737 /* AssetHeaderCell.swift */; };
		8DEF7B512B414BE4007B8737 /* MovieParameters.swift in Sources */ = {isa = PBXBuildFile; fileRef = 8DEF7B502B414BE4007B8737 /* MovieParameters.swift */; };
		8DEF7B542B414E78007B8737 /* DB.swift in Sources */ = {isa = PBXBuildFile; fileRef = 8DEF7B532B414E78007B8737 /* DB.swift */; };
		8DEF7B572B41509A007B8737 /* MovieDB.swift in Sources */ = {isa = PBXBuildFile; fileRef = 8DEF7B562B41509A007B8737 /* MovieDB.swift */; };
		8DEF7B592B4150BB007B8737 /* DataBase.swift in Sources */ = {isa = PBXBuildFile; fileRef = 8DEF7B582B4150BB007B8737 /* DataBase.swift */; };
		8DEF7B5B2B41711F007B8737 /* AssetAttachmentView.swift in Sources */ = {isa = PBXBuildFile; fileRef = 8DEF7B5A2B41711F007B8737 /* AssetAttachmentView.swift */; };
		8DEF7B5F2B417505007B8737 /* delegate_AssetAttachmentViewDelegate.swift in Sources */ = {isa = PBXBuildFile; fileRef = 8DEF7B5E2B417505007B8737 /* delegate_AssetAttachmentViewDelegate.swift */; };
		8DEF7B612B41838C007B8737 /* AssetRawView.swift in Sources */ = {isa = PBXBuildFile; fileRef = 8DEF7B602B41838C007B8737 /* AssetRawView.swift */; };
		8DF7C3872B49E623007EFFB1 /* AnimateVideoLayerCA.swift in Sources */ = {isa = PBXBuildFile; fileRef = 8DF7C3862B49E623007EFFB1 /* AnimateVideoLayerCA.swift */; };
/* End PBXBuildFile section */

/* Begin PBXFileReference section */
		8D23CA5F2B4769FD00FC94B1 /* PrepareEditorModel.swift */ = {isa = PBXFileReference; lastKnownFileType = sourcecode.swift; path = PrepareEditorModel.swift; sourceTree = "<group>"; };
		8D23CA612B476C4700FC94B1 /* EditorVideoLayer.swift */ = {isa = PBXFileReference; lastKnownFileType = sourcecode.swift; path = EditorVideoLayer.swift; sourceTree = "<group>"; };
		8D23CA632B47716600FC94B1 /* AVAssetExportSession.swift */ = {isa = PBXFileReference; lastKnownFileType = sourcecode.swift; path = AVAssetExportSession.swift; sourceTree = "<group>"; };
		8D23CA662B4792BD00FC94B1 /* AttachentVideoLayer.swift */ = {isa = PBXFileReference; lastKnownFileType = sourcecode.swift; path = AttachentVideoLayer.swift; sourceTree = "<group>"; };
		8D2B57762B41A21200C2B3F5 /* UICollectionViewDelegate_AssetParametersVC.swift */ = {isa = PBXFileReference; lastKnownFileType = sourcecode.swift; path = UICollectionViewDelegate_AssetParametersVC.swift; sourceTree = "<group>"; };
		8D2B57782B41A23F00C2B3F5 /* loadUI_AssetParametersViewController.swift */ = {isa = PBXFileReference; lastKnownFileType = sourcecode.swift; path = loadUI_AssetParametersViewController.swift; sourceTree = "<group>"; };
		8D2B577B2B41A30000C2B3F5 /* test_MovieGeneralParameterList.swift */ = {isa = PBXFileReference; lastKnownFileType = sourcecode.swift; path = test_MovieGeneralParameterList.swift; sourceTree = "<group>"; };
		8D2B577D2B41A37000C2B3F5 /* AssetAttachmentProtocol.swift */ = {isa = PBXFileReference; lastKnownFileType = sourcecode.swift; path = AssetAttachmentProtocol.swift; sourceTree = "<group>"; };
		8D4C17152B3B2DF400953143 /* VideoEditorUIkit.app */ = {isa = PBXFileReference; explicitFileType = wrapper.application; includeInIndex = 0; path = VideoEditorUIkit.app; sourceTree = BUILT_PRODUCTS_DIR; };
		8D4C17182B3B2DF400953143 /* AppDelegate.swift */ = {isa = PBXFileReference; lastKnownFileType = sourcecode.swift; path = AppDelegate.swift; sourceTree = "<group>"; };
		8D4C171A2B3B2DF400953143 /* SceneDelegate.swift */ = {isa = PBXFileReference; lastKnownFileType = sourcecode.swift; path = SceneDelegate.swift; sourceTree = "<group>"; };
		8D4C171C2B3B2DF400953143 /* EditorViewController.swift */ = {isa = PBXFileReference; lastKnownFileType = sourcecode.swift; path = EditorViewController.swift; sourceTree = "<group>"; };
		8D4C171F2B3B2DF400953143 /* Base */ = {isa = PBXFileReference; lastKnownFileType = file.storyboard; name = Base; path = Base.lproj/Main.storyboard; sourceTree = "<group>"; };
		8D4C17212B3B2DF600953143 /* Assets.xcassets */ = {isa = PBXFileReference; lastKnownFileType = folder.assetcatalog; path = Assets.xcassets; sourceTree = "<group>"; };
		8D4C17242B3B2DF600953143 /* Base */ = {isa = PBXFileReference; lastKnownFileType = file.storyboard; name = Base; path = Base.lproj/LaunchScreen.storyboard; sourceTree = "<group>"; };
		8D4C17262B3B2DF600953143 /* Info.plist */ = {isa = PBXFileReference; lastKnownFileType = text.plist.xml; path = Info.plist; sourceTree = "<group>"; };
		8D4C172D2B3B32CF00953143 /* 2.mov */ = {isa = PBXFileReference; lastKnownFileType = video.quicktime; path = 2.mov; sourceTree = "<group>"; };
		8D4C17332B3C21C600953143 /* SuperVC.swift */ = {isa = PBXFileReference; lastKnownFileType = sourcecode.swift; path = SuperVC.swift; sourceTree = "<group>"; };
		8D4C17352B3C21E100953143 /* Extensions_UIKit.swift */ = {isa = PBXFileReference; lastKnownFileType = sourcecode.swift; path = Extensions_UIKit.swift; sourceTree = "<group>"; };
		8D4C173C2B3C255200953143 /* PlayerSuperVC.swift */ = {isa = PBXFileReference; lastKnownFileType = sourcecode.swift; path = PlayerSuperVC.swift; sourceTree = "<group>"; };
		8D4C173F2B3C96BF00953143 /* EditorModel.swift */ = {isa = PBXFileReference; lastKnownFileType = sourcecode.swift; path = EditorModel.swift; sourceTree = "<group>"; };
		8D5FAE9E2B9553A600380CA4 /* AVAsset.swift */ = {isa = PBXFileReference; lastKnownFileType = sourcecode.swift; path = AVAsset.swift; sourceTree = "<group>"; };
		8D8BF29B2B3FFFB7008AFC62 /* AssetParametersViewController.swift */ = {isa = PBXFileReference; lastKnownFileType = sourcecode.swift; path = AssetParametersViewController.swift; sourceTree = "<group>"; };
		8D9F32EB2B3DACEB00697F76 /* PlayerViewController.swift */ = {isa = PBXFileReference; lastKnownFileType = sourcecode.swift; path = PlayerViewController.swift; sourceTree = "<group>"; };
		8D9F32F82B3E081500697F76 /* Player.swift */ = {isa = PBXFileReference; lastKnownFileType = sourcecode.swift; path = Player.swift; sourceTree = "<group>"; };
		8DBFCB902B4F4FB20050C8E3 /* AssetParametersViewControllerViewModel.swift */ = {isa = PBXFileReference; lastKnownFileType = sourcecode.swift; path = AssetParametersViewControllerViewModel.swift; sourceTree = "<group>"; };
		8DE412FC2B92650600705E52 /* 1.mov */ = {isa = PBXFileReference; lastKnownFileType = video.quicktime; path = 1.mov; sourceTree = "<group>"; };
		8DEA29302B8EC95B00FDF952 /* CGFloat.swift */ = {isa = PBXFileReference; lastKnownFileType = sourcecode.swift; path = CGFloat.swift; sourceTree = "<group>"; };
		8DEA29322B8ECA6100FDF952 /* String.swift */ = {isa = PBXFileReference; lastKnownFileType = sourcecode.swift; path = String.swift; sourceTree = "<group>"; };
		8DEA29342B8ECC1900FDF952 /* UIColor.swift */ = {isa = PBXFileReference; lastKnownFileType = sourcecode.swift; path = UIColor.swift; sourceTree = "<group>"; };
		8DEA29382B8ED9D000FDF952 /* TextAttachmentDB.swift */ = {isa = PBXFileReference; lastKnownFileType = sourcecode.swift; path = TextAttachmentDB.swift; sourceTree = "<group>"; };
		8DEF7B4B2B414B41007B8737 /* AssetPreviewCell.swift */ = {isa = PBXFileReference; lastKnownFileType = sourcecode.swift; path = AssetPreviewCell.swift; sourceTree = "<group>"; };
		8DEF7B4D2B414B6A007B8737 /* AssetHeaderCell.swift */ = {isa = PBXFileReference; lastKnownFileType = sourcecode.swift; path = AssetHeaderCell.swift; sourceTree = "<group>"; };
		8DEF7B502B414BE4007B8737 /* MovieParameters.swift */ = {isa = PBXFileReference; lastKnownFileType = sourcecode.swift; path = MovieParameters.swift; sourceTree = "<group>"; };
		8DEF7B532B414E78007B8737 /* DB.swift */ = {isa = PBXFileReference; lastKnownFileType = sourcecode.swift; path = DB.swift; sourceTree = "<group>"; };
		8DEF7B562B41509A007B8737 /* MovieDB.swift */ = {isa = PBXFileReference; lastKnownFileType = sourcecode.swift; path = MovieDB.swift; sourceTree = "<group>"; };
		8DEF7B582B4150BB007B8737 /* DataBase.swift */ = {isa = PBXFileReference; lastKnownFileType = sourcecode.swift; path = DataBase.swift; sourceTree = "<group>"; };
		8DEF7B5A2B41711F007B8737 /* AssetAttachmentView.swift */ = {isa = PBXFileReference; lastKnownFileType = sourcecode.swift; path = AssetAttachmentView.swift; sourceTree = "<group>"; };
		8DEF7B5E2B417505007B8737 /* delegate_AssetAttachmentViewDelegate.swift */ = {isa = PBXFileReference; lastKnownFileType = sourcecode.swift; path = delegate_AssetAttachmentViewDelegate.swift; sourceTree = "<group>"; };
		8DEF7B602B41838C007B8737 /* AssetRawView.swift */ = {isa = PBXFileReference; lastKnownFileType = sourcecode.swift; path = AssetRawView.swift; sourceTree = "<group>"; };
		8DF7C3862B49E623007EFFB1 /* AnimateVideoLayerCA.swift */ = {isa = PBXFileReference; lastKnownFileType = sourcecode.swift; path = AnimateVideoLayerCA.swift; sourceTree = "<group>"; };
/* End PBXFileReference section */

/* Begin PBXFrameworksBuildPhase section */
		8D4C17122B3B2DF400953143 /* Frameworks */ = {
			isa = PBXFrameworksBuildPhase;
			buildActionMask = 2147483647;
			files = (
				8D4C17322B3C11C000953143 /* AlertViewLibrary in Frameworks */,
			);
			runOnlyForDeploymentPostprocessing = 0;
		};
/* End PBXFrameworksBuildPhase section */

/* Begin PBXGroup section */
		8D23CA5E2B47650600FC94B1 /* EditorModel */ = {
			isa = PBXGroup;
			children = (
				8D4C173F2B3C96BF00953143 /* EditorModel.swift */,
				8D23CA5F2B4769FD00FC94B1 /* PrepareEditorModel.swift */,
				8D23CA612B476C4700FC94B1 /* EditorVideoLayer.swift */,
				8D23CA662B4792BD00FC94B1 /* AttachentVideoLayer.swift */,
				8DF7C3862B49E623007EFFB1 /* AnimateVideoLayerCA.swift */,
			);
			path = EditorModel;
			sourceTree = "<group>";
		};
		8D23CA652B47716E00FC94B1 /* Extension */ = {
			isa = PBXGroup;
			children = (
				8D4C17352B3C21E100953143 /* Extensions_UIKit.swift */,
				8DEA29302B8EC95B00FDF952 /* CGFloat.swift */,
				8DEA29322B8ECA6100FDF952 /* String.swift */,
				8DEA29342B8ECC1900FDF952 /* UIColor.swift */,
				8D23CA632B47716600FC94B1 /* AVAssetExportSession.swift */,
				8D5FAE9E2B9553A600380CA4 /* AVAsset.swift */,
			);
			path = Extension;
			sourceTree = "<group>";
		};
		8D2B57732B41A18200C2B3F5 /* AVPlayer */ = {
			isa = PBXGroup;
			children = (
				8D9F32F82B3E081500697F76 /* Player.swift */,
			);
			path = AVPlayer;
			sourceTree = "<group>";
		};
		8D2B57742B41A1A600C2B3F5 /* EditorViewController */ = {
			isa = PBXGroup;
			children = (
				8D4C171C2B3B2DF400953143 /* EditorViewController.swift */,
				8D23CA5E2B47650600FC94B1 /* EditorModel */,
			);
			path = EditorViewController;
			sourceTree = "<group>";
		};
		8D2B57752B41A1B200C2B3F5 /* PlayerViewController */ = {
			isa = PBXGroup;
			children = (
				8D9F32EB2B3DACEB00697F76 /* PlayerViewController.swift */,
			);
			path = PlayerViewController;
			sourceTree = "<group>";
		};
		8D2B577A2B41A2F400C2B3F5 /* MovieGeneralParameterList */ = {
			isa = PBXGroup;
			children = (
				8DEF7B502B414BE4007B8737 /* MovieParameters.swift */,
				8D2B577D2B41A37000C2B3F5 /* AssetAttachmentProtocol.swift */,
				8D2B577B2B41A30000C2B3F5 /* test_MovieGeneralParameterList.swift */,
			);
			path = MovieGeneralParameterList;
			sourceTree = "<group>";
		};
		8D4C170C2B3B2DF400953143 = {
			isa = PBXGroup;
			children = (
				8D4C17172B3B2DF400953143 /* VideoEditorUIkit */,
				8D4C17162B3B2DF400953143 /* Products */,
			);
			sourceTree = "<group>";
		};
		8D4C17162B3B2DF400953143 /* Products */ = {
			isa = PBXGroup;
			children = (
				8D4C17152B3B2DF400953143 /* VideoEditorUIkit.app */,
			);
			name = Products;
			sourceTree = "<group>";
		};
		8D4C17172B3B2DF400953143 /* VideoEditorUIkit */ = {
			isa = PBXGroup;
			children = (
				8D4C17182B3B2DF400953143 /* AppDelegate.swift */,
				8D4C171A2B3B2DF400953143 /* SceneDelegate.swift */,
				8D9F32F72B3DE15800697F76 /* ViewModel */,
				8D9F32F22B3DDFFF00697F76 /* Model */,
				8D4C17372B3C23C100953143 /* Controller */,
				8D4C17392B3C23DE00953143 /* View */,
				8D9F32FA2B3E082400697F76 /* NSObject */,
				8D4C17382B3C23D100953143 /* Mics */,
				8D4C17262B3B2DF600953143 /* Info.plist */,
			);
			path = VideoEditorUIkit;
			sourceTree = "<group>";
		};
		8D4C17372B3C23C100953143 /* Controller */ = {
			isa = PBXGroup;
			children = (
				8D2B57742B41A1A600C2B3F5 /* EditorViewController */,
				8DEF7B4A2B414B13007B8737 /* AssetParametersViewController */,
				8D2B57752B41A1B200C2B3F5 /* PlayerViewController */,
			);
			path = Controller;
			sourceTree = "<group>";
		};
		8D4C17382B3C23D100953143 /* Mics */ = {
			isa = PBXGroup;
			children = (
				8D4C173A2B3C243A00953143 /* video */,
				8D23CA652B47716E00FC94B1 /* Extension */,
				8D4C17212B3B2DF600953143 /* Assets.xcassets */,
			);
			path = Mics;
			sourceTree = "<group>";
		};
		8D4C17392B3C23DE00953143 /* View */ = {
			isa = PBXGroup;
			children = (
				8D4C171E2B3B2DF400953143 /* Main.storyboard */,
				8D4C17232B3B2DF600953143 /* LaunchScreen.storyboard */,
			);
			path = View;
			sourceTree = "<group>";
		};
		8D4C173A2B3C243A00953143 /* video */ = {
			isa = PBXGroup;
			children = (
				8DE412FC2B92650600705E52 /* 1.mov */,
				8D4C172D2B3B32CF00953143 /* 2.mov */,
			);
			path = video;
			sourceTree = "<group>";
		};
		8D4C173B2B3C253F00953143 /* UIViewController */ = {
			isa = PBXGroup;
			children = (
				8D4C17332B3C21C600953143 /* SuperVC.swift */,
				8D4C173C2B3C255200953143 /* PlayerSuperVC.swift */,
			);
			path = UIViewController;
			sourceTree = "<group>";
		};
		8D9F32F22B3DDFFF00697F76 /* Model */ = {
			isa = PBXGroup;
			children = (
				8DEF7B552B415083007B8737 /* DB */,
				8DEF7B522B414C18007B8737 /* DataModel */,
			);
			path = Model;
			sourceTree = "<group>";
		};
		8D9F32F72B3DE15800697F76 /* ViewModel */ = {
			isa = PBXGroup;
			children = (
				8DBFCB902B4F4FB20050C8E3 /* AssetParametersViewControllerViewModel.swift */,
			);
			path = ViewModel;
			sourceTree = "<group>";
		};
		8D9F32FA2B3E082400697F76 /* NSObject */ = {
			isa = PBXGroup;
			children = (
				8D4C173B2B3C253F00953143 /* UIViewController */,
				8D2B57732B41A18200C2B3F5 /* AVPlayer */,
				8DEF7B5C2B41712E007B8737 /* UIView */,
			);
			path = NSObject;
			sourceTree = "<group>";
		};
		8DEF7B4A2B414B13007B8737 /* AssetParametersViewController */ = {
			isa = PBXGroup;
			children = (
				8D8BF29B2B3FFFB7008AFC62 /* AssetParametersViewController.swift */,
				8D2B57782B41A23F00C2B3F5 /* loadUI_AssetParametersViewController.swift */,
				8D2B57762B41A21200C2B3F5 /* UICollectionViewDelegate_AssetParametersVC.swift */,
				8DEF7B4F2B414B81007B8737 /* Cells */,
			);
			path = AssetParametersViewController;
			sourceTree = "<group>";
		};
		8DEF7B4F2B414B81007B8737 /* Cells */ = {
			isa = PBXGroup;
			children = (
				8DEF7B4B2B414B41007B8737 /* AssetPreviewCell.swift */,
				8DEF7B4D2B414B6A007B8737 /* AssetHeaderCell.swift */,
			);
			path = Cells;
			sourceTree = "<group>";
		};
		8DEF7B522B414C18007B8737 /* DataModel */ = {
			isa = PBXGroup;
			children = (
				8D2B577A2B41A2F400C2B3F5 /* MovieGeneralParameterList */,
			);
			path = DataModel;
			sourceTree = "<group>";
		};
		8DEF7B552B415083007B8737 /* DB */ = {
			isa = PBXGroup;
			children = (
				8DEF7B532B414E78007B8737 /* DB.swift */,
				8DEF7B582B4150BB007B8737 /* DataBase.swift */,
				8DEF7B562B41509A007B8737 /* MovieDB.swift */,
				8DEA29382B8ED9D000FDF952 /* TextAttachmentDB.swift */,
			);
			path = DB;
			sourceTree = "<group>";
		};
		8DEF7B5C2B41712E007B8737 /* UIView */ = {
			isa = PBXGroup;
			children = (
				8DEF7B5D2B4174F9007B8737 /* AssetAttachmentView */,
			);
			path = UIView;
			sourceTree = "<group>";
		};
		8DEF7B5D2B4174F9007B8737 /* AssetAttachmentView */ = {
			isa = PBXGroup;
			children = (
				8DEF7B5A2B41711F007B8737 /* AssetAttachmentView.swift */,
				8DEF7B602B41838C007B8737 /* AssetRawView.swift */,
				8DEF7B5E2B417505007B8737 /* delegate_AssetAttachmentViewDelegate.swift */,
			);
			path = AssetAttachmentView;
			sourceTree = "<group>";
		};
/* End PBXGroup section */

/* Begin PBXNativeTarget section */
		8D4C17142B3B2DF400953143 /* VideoEditorUIkit */ = {
			isa = PBXNativeTarget;
			buildConfigurationList = 8D4C17292B3B2DF600953143 /* Build configuration list for PBXNativeTarget "VideoEditorUIkit" */;
			buildPhases = (
				8D4C17112B3B2DF400953143 /* Sources */,
				8D4C17122B3B2DF400953143 /* Frameworks */,
				8D4C17132B3B2DF400953143 /* Resources */,
			);
			buildRules = (
			);
			dependencies = (
			);
			name = VideoEditorUIkit;
			packageProductDependencies = (
				8D4C17312B3C11C000953143 /* AlertViewLibrary */,
			);
			productName = VideoEditorUIkit;
			productReference = 8D4C17152B3B2DF400953143 /* VideoEditorUIkit.app */;
			productType = "com.apple.product-type.application";
		};
/* End PBXNativeTarget section */

/* Begin PBXProject section */
		8D4C170D2B3B2DF400953143 /* Project object */ = {
			isa = PBXProject;
			attributes = {
				BuildIndependentTargetsInParallel = 1;
				LastSwiftUpdateCheck = 1510;
				LastUpgradeCheck = 1510;
				TargetAttributes = {
					8D4C17142B3B2DF400953143 = {
						CreatedOnToolsVersion = 15.1;
					};
				};
			};
			buildConfigurationList = 8D4C17102B3B2DF400953143 /* Build configuration list for PBXProject "VideoEditorUIkit" */;
			compatibilityVersion = "Xcode 14.0";
			developmentRegion = en;
			hasScannedForEncodings = 0;
			knownRegions = (
				en,
				Base,
			);
			mainGroup = 8D4C170C2B3B2DF400953143;
			packageReferences = (
				8D4C17302B3C11C000953143 /* XCRemoteSwiftPackageReference "AlertViewLibrary" */,
			);
			productRefGroup = 8D4C17162B3B2DF400953143 /* Products */;
			projectDirPath = "";
			projectRoot = "";
			targets = (
				8D4C17142B3B2DF400953143 /* VideoEditorUIkit */,
			);
		};
/* End PBXProject section */

/* Begin PBXResourcesBuildPhase section */
		8D4C17132B3B2DF400953143 /* Resources */ = {
			isa = PBXResourcesBuildPhase;
			buildActionMask = 2147483647;
			files = (
				8D4C17252B3B2DF600953143 /* LaunchScreen.storyboard in Resources */,
				8D4C17222B3B2DF600953143 /* Assets.xcassets in Resources */,
				8D4C172F2B3B32CF00953143 /* 2.mov in Resources */,
				8D4C17202B3B2DF400953143 /* Main.storyboard in Resources */,
				8DE412FD2B92650600705E52 /* 1.mov in Resources */,
			);
			runOnlyForDeploymentPostprocessing = 0;
		};
/* End PBXResourcesBuildPhase section */

/* Begin PBXSourcesBuildPhase section */
		8D4C17112B3B2DF400953143 /* Sources */ = {
			isa = PBXSourcesBuildPhase;
			buildActionMask = 2147483647;
			files = (
				8D23CA642B47716600FC94B1 /* AVAssetExportSession.swift in Sources */,
				8DEA29392B8ED9D000FDF952 /* TextAttachmentDB.swift in Sources */,
				8DEF7B5B2B41711F007B8737 /* AssetAttachmentView.swift in Sources */,
				8DEF7B572B41509A007B8737 /* MovieDB.swift in Sources */,
				8DEF7B512B414BE4007B8737 /* MovieParameters.swift in Sources */,
				8D4C17342B3C21C600953143 /* SuperVC.swift in Sources */,
				8D4C173D2B3C255200953143 /* PlayerSuperVC.swift in Sources */,
				8DBFCB912B4F4FB20050C8E3 /* AssetParametersViewControllerViewModel.swift in Sources */,
				8D4C171D2B3B2DF400953143 /* EditorViewController.swift in Sources */,
				8D2B57772B41A21200C2B3F5 /* UICollectionViewDelegate_AssetParametersVC.swift in Sources */,
				8D4C17192B3B2DF400953143 /* AppDelegate.swift in Sources */,
				8DEF7B612B41838C007B8737 /* AssetRawView.swift in Sources */,
				8D9F32F92B3E081500697F76 /* Player.swift in Sources */,
				8D2B577C2B41A30000C2B3F5 /* test_MovieGeneralParameterList.swift in Sources */,
				8DEA29332B8ECA6100FDF952 /* String.swift in Sources */,
				8D4C17362B3C21E100953143 /* Extensions_UIKit.swift in Sources */,
				8D9F32EC2B3DACEB00697F76 /* PlayerViewController.swift in Sources */,
				8DEF7B4E2B414B6A007B8737 /* AssetHeaderCell.swift in Sources */,
				8D23CA672B4792BD00FC94B1 /* AttachentVideoLayer.swift in Sources */,
				8D4C17402B3C96BF00953143 /* EditorModel.swift in Sources */,
				8DEF7B4C2B414B41007B8737 /* AssetPreviewCell.swift in Sources */,
				8D2B577E2B41A37000C2B3F5 /* AssetAttachmentProtocol.swift in Sources */,
				8DF7C3872B49E623007EFFB1 /* AnimateVideoLayerCA.swift in Sources */,
				8D2B57792B41A23F00C2B3F5 /* loadUI_AssetParametersViewController.swift in Sources */,
				8DEA29312B8EC95B00FDF952 /* CGFloat.swift in Sources */,
				8D8BF29C2B3FFFB7008AFC62 /* AssetParametersViewController.swift in Sources */,
				8D23CA602B4769FD00FC94B1 /* PrepareEditorModel.swift in Sources */,
				8DEA29352B8ECC1900FDF952 /* UIColor.swift in Sources */,
				8DEF7B5F2B417505007B8737 /* delegate_AssetAttachmentViewDelegate.swift in Sources */,
				8DEF7B592B4150BB007B8737 /* DataBase.swift in Sources */,
				8D4C171B2B3B2DF400953143 /* SceneDelegate.swift in Sources */,
				8D23CA622B476C4700FC94B1 /* EditorVideoLayer.swift in Sources */,
				8DEF7B542B414E78007B8737 /* DB.swift in Sources */,
				8D5FAE9F2B9553A700380CA4 /* AVAsset.swift in Sources */,
			);
			runOnlyForDeploymentPostprocessing = 0;
		};
/* End PBXSourcesBuildPhase section */

/* Begin PBXVariantGroup section */
		8D4C171E2B3B2DF400953143 /* Main.storyboard */ = {
			isa = PBXVariantGroup;
			children = (
				8D4C171F2B3B2DF400953143 /* Base */,
			);
			name = Main.storyboard;
			sourceTree = "<group>";
		};
		8D4C17232B3B2DF600953143 /* LaunchScreen.storyboard */ = {
			isa = PBXVariantGroup;
			children = (
				8D4C17242B3B2DF600953143 /* Base */,
			);
			name = LaunchScreen.storyboard;
			sourceTree = "<group>";
		};
/* End PBXVariantGroup section */

/* Begin XCBuildConfiguration section */
		8D4C17272B3B2DF600953143 /* Debug */ = {
			isa = XCBuildConfiguration;
			buildSettings = {
				ALWAYS_SEARCH_USER_PATHS = NO;
				ASSETCATALOG_COMPILER_GENERATE_SWIFT_ASSET_SYMBOL_EXTENSIONS = YES;
				CLANG_ANALYZER_NONNULL = YES;
				CLANG_ANALYZER_NUMBER_OBJECT_CONVERSION = YES_AGGRESSIVE;
				CLANG_CXX_LANGUAGE_STANDARD = "gnu++20";
				CLANG_ENABLE_MODULES = YES;
				CLANG_ENABLE_OBJC_ARC = YES;
				CLANG_ENABLE_OBJC_WEAK = YES;
				CLANG_WARN_BLOCK_CAPTURE_AUTORELEASING = YES;
				CLANG_WARN_BOOL_CONVERSION = YES;
				CLANG_WARN_COMMA = YES;
				CLANG_WARN_CONSTANT_CONVERSION = YES;
				CLANG_WARN_DEPRECATED_OBJC_IMPLEMENTATIONS = YES;
				CLANG_WARN_DIRECT_OBJC_ISA_USAGE = YES_ERROR;
				CLANG_WARN_DOCUMENTATION_COMMENTS = YES;
				CLANG_WARN_EMPTY_BODY = YES;
				CLANG_WARN_ENUM_CONVERSION = YES;
				CLANG_WARN_INFINITE_RECURSION = YES;
				CLANG_WARN_INT_CONVERSION = YES;
				CLANG_WARN_NON_LITERAL_NULL_CONVERSION = YES;
				CLANG_WARN_OBJC_IMPLICIT_RETAIN_SELF = YES;
				CLANG_WARN_OBJC_LITERAL_CONVERSION = YES;
				CLANG_WARN_OBJC_ROOT_CLASS = YES_ERROR;
				CLANG_WARN_QUOTED_INCLUDE_IN_FRAMEWORK_HEADER = YES;
				CLANG_WARN_RANGE_LOOP_ANALYSIS = YES;
				CLANG_WARN_STRICT_PROTOTYPES = YES;
				CLANG_WARN_SUSPICIOUS_MOVE = YES;
				CLANG_WARN_UNGUARDED_AVAILABILITY = YES_AGGRESSIVE;
				CLANG_WARN_UNREACHABLE_CODE = YES;
				CLANG_WARN__DUPLICATE_METHOD_MATCH = YES;
				COPY_PHASE_STRIP = NO;
				DEBUG_INFORMATION_FORMAT = dwarf;
				ENABLE_STRICT_OBJC_MSGSEND = YES;
				ENABLE_TESTABILITY = YES;
				ENABLE_USER_SCRIPT_SANDBOXING = YES;
				GCC_C_LANGUAGE_STANDARD = gnu17;
				GCC_DYNAMIC_NO_PIC = NO;
				GCC_NO_COMMON_BLOCKS = YES;
				GCC_OPTIMIZATION_LEVEL = 0;
				GCC_PREPROCESSOR_DEFINITIONS = (
					"DEBUG=1",
					"$(inherited)",
				);
				GCC_WARN_64_TO_32_BIT_CONVERSION = YES;
				GCC_WARN_ABOUT_RETURN_TYPE = YES_ERROR;
				GCC_WARN_UNDECLARED_SELECTOR = YES;
				GCC_WARN_UNINITIALIZED_AUTOS = YES_AGGRESSIVE;
				GCC_WARN_UNUSED_FUNCTION = YES;
				GCC_WARN_UNUSED_VARIABLE = YES;
				IPHONEOS_DEPLOYMENT_TARGET = 17.2;
				LOCALIZATION_PREFERS_STRING_CATALOGS = YES;
				MTL_ENABLE_DEBUG_INFO = INCLUDE_SOURCE;
				MTL_FAST_MATH = YES;
				ONLY_ACTIVE_ARCH = YES;
				SDKROOT = iphoneos;
				SWIFT_ACTIVE_COMPILATION_CONDITIONS = "DEBUG $(inherited)";
				SWIFT_OPTIMIZATION_LEVEL = "-Onone";
			};
			name = Debug;
		};
		8D4C17282B3B2DF600953143 /* Release */ = {
			isa = XCBuildConfiguration;
			buildSettings = {
				ALWAYS_SEARCH_USER_PATHS = NO;
				ASSETCATALOG_COMPILER_GENERATE_SWIFT_ASSET_SYMBOL_EXTENSIONS = YES;
				CLANG_ANALYZER_NONNULL = YES;
				CLANG_ANALYZER_NUMBER_OBJECT_CONVERSION = YES_AGGRESSIVE;
				CLANG_CXX_LANGUAGE_STANDARD = "gnu++20";
				CLANG_ENABLE_MODULES = YES;
				CLANG_ENABLE_OBJC_ARC = YES;
				CLANG_ENABLE_OBJC_WEAK = YES;
				CLANG_WARN_BLOCK_CAPTURE_AUTORELEASING = YES;
				CLANG_WARN_BOOL_CONVERSION = YES;
				CLANG_WARN_COMMA = YES;
				CLANG_WARN_CONSTANT_CONVERSION = YES;
				CLANG_WARN_DEPRECATED_OBJC_IMPLEMENTATIONS = YES;
				CLANG_WARN_DIRECT_OBJC_ISA_USAGE = YES_ERROR;
				CLANG_WARN_DOCUMENTATION_COMMENTS = YES;
				CLANG_WARN_EMPTY_BODY = YES;
				CLANG_WARN_ENUM_CONVERSION = YES;
				CLANG_WARN_INFINITE_RECURSION = YES;
				CLANG_WARN_INT_CONVERSION = YES;
				CLANG_WARN_NON_LITERAL_NULL_CONVERSION = YES;
				CLANG_WARN_OBJC_IMPLICIT_RETAIN_SELF = YES;
				CLANG_WARN_OBJC_LITERAL_CONVERSION = YES;
				CLANG_WARN_OBJC_ROOT_CLASS = YES_ERROR;
				CLANG_WARN_QUOTED_INCLUDE_IN_FRAMEWORK_HEADER = YES;
				CLANG_WARN_RANGE_LOOP_ANALYSIS = YES;
				CLANG_WARN_STRICT_PROTOTYPES = YES;
				CLANG_WARN_SUSPICIOUS_MOVE = YES;
				CLANG_WARN_UNGUARDED_AVAILABILITY = YES_AGGRESSIVE;
				CLANG_WARN_UNREACHABLE_CODE = YES;
				CLANG_WARN__DUPLICATE_METHOD_MATCH = YES;
				COPY_PHASE_STRIP = NO;
				DEBUG_INFORMATION_FORMAT = "dwarf-with-dsym";
				ENABLE_NS_ASSERTIONS = NO;
				ENABLE_STRICT_OBJC_MSGSEND = YES;
				ENABLE_USER_SCRIPT_SANDBOXING = YES;
				GCC_C_LANGUAGE_STANDARD = gnu17;
				GCC_NO_COMMON_BLOCKS = YES;
				GCC_WARN_64_TO_32_BIT_CONVERSION = YES;
				GCC_WARN_ABOUT_RETURN_TYPE = YES_ERROR;
				GCC_WARN_UNDECLARED_SELECTOR = YES;
				GCC_WARN_UNINITIALIZED_AUTOS = YES_AGGRESSIVE;
				GCC_WARN_UNUSED_FUNCTION = YES;
				GCC_WARN_UNUSED_VARIABLE = YES;
				IPHONEOS_DEPLOYMENT_TARGET = 17.2;
				LOCALIZATION_PREFERS_STRING_CATALOGS = YES;
				MTL_ENABLE_DEBUG_INFO = NO;
				MTL_FAST_MATH = YES;
				SDKROOT = iphoneos;
				SWIFT_COMPILATION_MODE = wholemodule;
				VALIDATE_PRODUCT = YES;
			};
			name = Release;
		};
		8D4C172A2B3B2DF600953143 /* Debug */ = {
			isa = XCBuildConfiguration;
			buildSettings = {
				ASSETCATALOG_COMPILER_APPICON_NAME = AppIcon;
				ASSETCATALOG_COMPILER_GLOBAL_ACCENT_COLOR_NAME = AccentColor;
				CODE_SIGN_STYLE = Automatic;
				CURRENT_PROJECT_VERSION = 1;
				DEVELOPMENT_TEAM = FQA2XH9ZUM;
				GENERATE_INFOPLIST_FILE = YES;
				INFOPLIST_FILE = VideoEditorUIkit/Info.plist;
				INFOPLIST_KEY_LSApplicationCategoryType = "";
				INFOPLIST_KEY_NSPhotoLibraryAddUsageDescription = "We need access to your photo library so that you can pick the perfect birthday card.";
				INFOPLIST_KEY_NSPhotoLibraryUsageDescription = "We need access to your photo library so that you can pick the perfect birthday card.";
				INFOPLIST_KEY_UIApplicationSupportsIndirectInputEvents = YES;
				INFOPLIST_KEY_UILaunchStoryboardName = LaunchScreen;
				INFOPLIST_KEY_UIMainStoryboardFile = Main;
				INFOPLIST_KEY_UISupportedInterfaceOrientations_iPad = "UIInterfaceOrientationPortrait UIInterfaceOrientationPortraitUpsideDown UIInterfaceOrientationLandscapeLeft UIInterfaceOrientationLandscapeRight";
				IPHONEOS_DEPLOYMENT_TARGET = 15.0;
				LD_RUNPATH_SEARCH_PATHS = (
					"$(inherited)",
					"@executable_path/Frameworks",
				);
				MARKETING_VERSION = 1.0;
				PRODUCT_BUNDLE_IDENTIFIER = com.dovhiy.VideoEditorUIkit;
				PRODUCT_NAME = "$(TARGET_NAME)";
				SWIFT_EMIT_LOC_STRINGS = YES;
				SWIFT_VERSION = 5.0;
				TARGETED_DEVICE_FAMILY = "1,2";
			};
			name = Debug;
		};
		8D4C172B2B3B2DF600953143 /* Release */ = {
			isa = XCBuildConfiguration;
			buildSettings = {
				ASSETCATALOG_COMPILER_APPICON_NAME = AppIcon;
				ASSETCATALOG_COMPILER_GLOBAL_ACCENT_COLOR_NAME = AccentColor;
				CODE_SIGN_STYLE = Automatic;
				CURRENT_PROJECT_VERSION = 1;
				DEVELOPMENT_TEAM = FQA2XH9ZUM;
				GENERATE_INFOPLIST_FILE = YES;
				INFOPLIST_FILE = VideoEditorUIkit/Info.plist;
				INFOPLIST_KEY_LSApplicationCategoryType = "";
				INFOPLIST_KEY_NSPhotoLibraryAddUsageDescription = "We need access to your photo library so that you can pick the perfect birthday card.";
				INFOPLIST_KEY_NSPhotoLibraryUsageDescription = "We need access to your photo library so that you can pick the perfect birthday card.";
				INFOPLIST_KEY_UIApplicationSupportsIndirectInputEvents = YES;
				INFOPLIST_KEY_UILaunchStoryboardName = LaunchScreen;
				INFOPLIST_KEY_UIMainStoryboardFile = Main;
				INFOPLIST_KEY_UISupportedInterfaceOrientations_iPad = "UIInterfaceOrientationPortrait UIInterfaceOrientationPortraitUpsideDown UIInterfaceOrientationLandscapeLeft UIInterfaceOrientationLandscapeRight";
				IPHONEOS_DEPLOYMENT_TARGET = 15.0;
				LD_RUNPATH_SEARCH_PATHS = (
					"$(inherited)",
					"@executable_path/Frameworks",
				);
				MARKETING_VERSION = 1.0;
				PRODUCT_BUNDLE_IDENTIFIER = com.dovhiy.VideoEditorUIkit;
				PRODUCT_NAME = "$(TARGET_NAME)";
				SWIFT_EMIT_LOC_STRINGS = YES;
				SWIFT_VERSION = 5.0;
				TARGETED_DEVICE_FAMILY = "1,2";
			};
			name = Release;
		};
/* End XCBuildConfiguration section */

/* Begin XCConfigurationList section */
		8D4C17102B3B2DF400953143 /* Build configuration list for PBXProject "VideoEditorUIkit" */ = {
			isa = XCConfigurationList;
			buildConfigurations = (
				8D4C17272B3B2DF600953143 /* Debug */,
				8D4C17282B3B2DF600953143 /* Release */,
			);
			defaultConfigurationIsVisible = 0;
			defaultConfigurationName = Release;
		};
		8D4C17292B3B2DF600953143 /* Build configuration list for PBXNativeTarget "VideoEditorUIkit" */ = {
			isa = XCConfigurationList;
			buildConfigurations = (
				8D4C172A2B3B2DF600953143 /* Debug */,
				8D4C172B2B3B2DF600953143 /* Release */,
			);
			defaultConfigurationIsVisible = 0;
			defaultConfigurationName = Release;
		};
/* End XCConfigurationList section */

/* Begin XCRemoteSwiftPackageReference section */
		8D4C17302B3C11C000953143 /* XCRemoteSwiftPackageReference "AlertViewLibrary" */ = {
			isa = XCRemoteSwiftPackageReference;
			repositoryURL = "https://github.com/mishadovhiy/AlertViewLibrary.git";
			requirement = {
				branch = main;
				kind = branch;
			};
		};
/* End XCRemoteSwiftPackageReference section */

/* Begin XCSwiftPackageProductDependency section */
		8D4C17312B3C11C000953143 /* AlertViewLibrary */ = {
			isa = XCSwiftPackageProductDependency;
			package = 8D4C17302B3C11C000953143 /* XCRemoteSwiftPackageReference "AlertViewLibrary" */;
			productName = AlertViewLibrary;
		};
/* End XCSwiftPackageProductDependency section */
	};
	rootObject = 8D4C170D2B3B2DF400953143 /* Project object */;
}
