{
  "pins" : [
    {
      "identity" : "alertviewlibrary",
      "kind" : "remoteSourceControl",
      "location" : "https://github.com/mishadovhiy/AlertViewLibrary.git",
      "state" : {
        "branch" : "main",
        "revision" : "b71e2b4b94ebe1e3cda4c4dc9f2a0ffb059439aa"
      }
    }
  ],
  "version" : 2
}
